Microsoft Visual Studio Solution File, Format Version 11.00
# Visual Studio 2010
Project("{8BC9CEB8-8B4A-11D0-8D11-00A0C91BC942}") = "3DWorld", "3DWorld.vcxproj", "{711D1005-3287-42A8-8A3D-9BD58DF298AA}"
EndProject
Global
	GlobalSection(SolutionConfigurationPlatforms) = preSolution
		Debug|Win32 = Debug|Win32
		Release|Win32 = Release|Win32
	EndGlobalSection
	GlobalSection(ProjectConfigurationPlatforms) = postSolution
		{711D1005-3287-42A8-8A3D-9BD58DF298AA}.Debug|Win32.ActiveCfg = Debug|Win32
		{711D1005-3287-42A8-8A3D-9BD58DF298AA}.Debug|Win32.Build.0 = Debug|Win32
		{711D1005-3287-42A8-8A3D-9BD58DF298AA}.Release|Win32.ActiveCfg = Release|Win32
		{711D1005-3287-42A8-8A3D-9BD58DF298AA}.Release|Win32.Build.0 = Release|Win32
	EndGlobalSection
	GlobalSection(SolutionProperties) = preSolution
		HideSolutionNode = FALSE
	EndGlobalSection
EndGlobal
