<?xml version="1.0" encoding="utf-8"?>
<Project ToolsVersion="16.0" xmlns="http://schemas.microsoft.com/developer/msbuild/2003">
  <ItemGroup>
    <ClCompile Include="E:\Frank\Desktop\Frank\CS184\3DWorld_git\dependencies\tiff-4.3.0\tools\thumbnail.c">
      <Filter>Source Files</Filter>
    </ClCompile>
    <ClCompile Include="E:\Frank\Desktop\Frank\CS184\3DWorld_git\dependencies\tiff-4.3.0\port\getopt.c">
      <Filter>Source Files</Filter>
    </ClCompile>
  </ItemGroup>
  <ItemGroup>
    <CustomBuild Include="E:\Frank\Desktop\Frank\CS184\3DWorld_git\dependencies\tiff-4.3.0\tools\CMakeLists.txt" />
  </ItemGroup>
  <ItemGroup>
    <Filter Include="Source Files">
      <UniqueIdentifier>{EAD86477-56EF-30B1-87BE-F42E2CD78771}</UniqueIdentifier>
    </Filter>
  </ItemGroup>
</Project>
