<?xml version="1.0" encoding="utf-8"?>
<Project ToolsVersion="16.0" xmlns="http://schemas.microsoft.com/developer/msbuild/2003">
  <ItemGroup>
    <ClCompile Include="E:\Frank\Desktop\Frank\CS184\3DWorld_git\dependencies\openal-soft\examples\common\alhelpers.c">
      <Filter>Source Files</Filter>
    </ClCompile>
  </ItemGroup>
  <ItemGroup>
    <ClInclude Include="E:\Frank\Desktop\Frank\CS184\3DWorld_git\dependencies\openal-soft\examples\common\alhelpers.h">
      <Filter>Header Files</Filter>
    </ClInclude>
  </ItemGroup>
  <ItemGroup>
    <CustomBuild Include="E:\Frank\Desktop\Frank\CS184\3DWorld_git\dependencies\openal-soft\CMakeLists.txt" />
  </ItemGroup>
  <ItemGroup>
    <Filter Include="Header Files">
      <UniqueIdentifier>{6125DAEB-463F-39E6-90C1-62052F401A7C}</UniqueIdentifier>
    </Filter>
    <Filter Include="Source Files">
      <UniqueIdentifier>{70CDACBA-40A6-3C05-94BE-60821ABCEE72}</UniqueIdentifier>
    </Filter>
  </ItemGroup>
</Project>
