<?xml version="1.0" encoding="utf-8"?>
<Project ToolsVersion="16.0" xmlns="http://schemas.microsoft.com/developer/msbuild/2003">
  <ItemGroup>
    <ClCompile Include="E:\Frank\Desktop\Frank\CS184\3DWorld_git\dependencies\openal-soft\al\auxeffectslot.cpp">
      <Filter>Source Files</Filter>
    </ClCompile>
    <ClCompile Include="E:\Frank\Desktop\Frank\CS184\3DWorld_git\dependencies\openal-soft\al\buffer.cpp">
      <Filter>Source Files</Filter>
    </ClCompile>
    <ClCompile Include="E:\Frank\Desktop\Frank\CS184\3DWorld_git\dependencies\openal-soft\al\effect.cpp">
      <Filter>Source Files</Filter>
    </ClCompile>
    <ClCompile Include="E:\Frank\Desktop\Frank\CS184\3DWorld_git\dependencies\openal-soft\al\effects\autowah.cpp">
      <Filter>Source Files</Filter>
    </ClCompile>
    <ClCompile Include="E:\Frank\Desktop\Frank\CS184\3DWorld_git\dependencies\openal-soft\al\effects\chorus.cpp">
      <Filter>Source Files</Filter>
    </ClCompile>
    <ClCompile Include="E:\Frank\Desktop\Frank\CS184\3DWorld_git\dependencies\openal-soft\al\effects\compressor.cpp">
      <Filter>Source Files</Filter>
    </ClCompile>
    <ClCompile Include="E:\Frank\Desktop\Frank\CS184\3DWorld_git\dependencies\openal-soft\al\effects\convolution.cpp">
      <Filter>Source Files</Filter>
    </ClCompile>
    <ClCompile Include="E:\Frank\Desktop\Frank\CS184\3DWorld_git\dependencies\openal-soft\al\effects\dedicated.cpp">
      <Filter>Source Files</Filter>
    </ClCompile>
    <ClCompile Include="E:\Frank\Desktop\Frank\CS184\3DWorld_git\dependencies\openal-soft\al\effects\distortion.cpp">
      <Filter>Source Files</Filter>
    </ClCompile>
    <ClCompile Include="E:\Frank\Desktop\Frank\CS184\3DWorld_git\dependencies\openal-soft\al\effects\echo.cpp">
      <Filter>Source Files</Filter>
    </ClCompile>
    <ClCompile Include="E:\Frank\Desktop\Frank\CS184\3DWorld_git\dependencies\openal-soft\al\effects\equalizer.cpp">
      <Filter>Source Files</Filter>
    </ClCompile>
    <ClCompile Include="E:\Frank\Desktop\Frank\CS184\3DWorld_git\dependencies\openal-soft\al\effects\fshifter.cpp">
      <Filter>Source Files</Filter>
    </ClCompile>
    <ClCompile Include="E:\Frank\Desktop\Frank\CS184\3DWorld_git\dependencies\openal-soft\al\effects\modulator.cpp">
      <Filter>Source Files</Filter>
    </ClCompile>
    <ClCompile Include="E:\Frank\Desktop\Frank\CS184\3DWorld_git\dependencies\openal-soft\al\effects\null.cpp">
      <Filter>Source Files</Filter>
    </ClCompile>
    <ClCompile Include="E:\Frank\Desktop\Frank\CS184\3DWorld_git\dependencies\openal-soft\al\effects\pshifter.cpp">
      <Filter>Source Files</Filter>
    </ClCompile>
    <ClCompile Include="E:\Frank\Desktop\Frank\CS184\3DWorld_git\dependencies\openal-soft\al\effects\reverb.cpp">
      <Filter>Source Files</Filter>
    </ClCompile>
    <ClCompile Include="E:\Frank\Desktop\Frank\CS184\3DWorld_git\dependencies\openal-soft\al\effects\vmorpher.cpp">
      <Filter>Source Files</Filter>
    </ClCompile>
    <ClCompile Include="E:\Frank\Desktop\Frank\CS184\3DWorld_git\dependencies\openal-soft\al\error.cpp">
      <Filter>Source Files</Filter>
    </ClCompile>
    <ClCompile Include="E:\Frank\Desktop\Frank\CS184\3DWorld_git\dependencies\openal-soft\al\event.cpp">
      <Filter>Source Files</Filter>
    </ClCompile>
    <ClCompile Include="E:\Frank\Desktop\Frank\CS184\3DWorld_git\dependencies\openal-soft\al\extension.cpp">
      <Filter>Source Files</Filter>
    </ClCompile>
    <ClCompile Include="E:\Frank\Desktop\Frank\CS184\3DWorld_git\dependencies\openal-soft\al\filter.cpp">
      <Filter>Source Files</Filter>
    </ClCompile>
    <ClCompile Include="E:\Frank\Desktop\Frank\CS184\3DWorld_git\dependencies\openal-soft\al\listener.cpp">
      <Filter>Source Files</Filter>
    </ClCompile>
    <ClCompile Include="E:\Frank\Desktop\Frank\CS184\3DWorld_git\dependencies\openal-soft\al\source.cpp">
      <Filter>Source Files</Filter>
    </ClCompile>
    <ClCompile Include="E:\Frank\Desktop\Frank\CS184\3DWorld_git\dependencies\openal-soft\al\state.cpp">
      <Filter>Source Files</Filter>
    </ClCompile>
    <ClCompile Include="E:\Frank\Desktop\Frank\CS184\3DWorld_git\dependencies\openal-soft\alc\alc.cpp">
      <Filter>Source Files</Filter>
    </ClCompile>
    <ClCompile Include="E:\Frank\Desktop\Frank\CS184\3DWorld_git\dependencies\openal-soft\alc\alu.cpp">
      <Filter>Source Files</Filter>
    </ClCompile>
    <ClCompile Include="E:\Frank\Desktop\Frank\CS184\3DWorld_git\dependencies\openal-soft\alc\alconfig.cpp">
      <Filter>Source Files</Filter>
    </ClCompile>
    <ClCompile Include="E:\Frank\Desktop\Frank\CS184\3DWorld_git\dependencies\openal-soft\alc\context.cpp">
      <Filter>Source Files</Filter>
    </ClCompile>
    <ClCompile Include="E:\Frank\Desktop\Frank\CS184\3DWorld_git\dependencies\openal-soft\alc\device.cpp">
      <Filter>Source Files</Filter>
    </ClCompile>
    <ClCompile Include="E:\Frank\Desktop\Frank\CS184\3DWorld_git\dependencies\openal-soft\alc\effectslot.cpp">
      <Filter>Source Files</Filter>
    </ClCompile>
    <ClCompile Include="E:\Frank\Desktop\Frank\CS184\3DWorld_git\dependencies\openal-soft\alc\effects\autowah.cpp">
      <Filter>Source Files</Filter>
    </ClCompile>
    <ClCompile Include="E:\Frank\Desktop\Frank\CS184\3DWorld_git\dependencies\openal-soft\alc\effects\chorus.cpp">
      <Filter>Source Files</Filter>
    </ClCompile>
    <ClCompile Include="E:\Frank\Desktop\Frank\CS184\3DWorld_git\dependencies\openal-soft\alc\effects\compressor.cpp">
      <Filter>Source Files</Filter>
    </ClCompile>
    <ClCompile Include="E:\Frank\Desktop\Frank\CS184\3DWorld_git\dependencies\openal-soft\alc\effects\convolution.cpp">
      <Filter>Source Files</Filter>
    </ClCompile>
    <ClCompile Include="E:\Frank\Desktop\Frank\CS184\3DWorld_git\dependencies\openal-soft\alc\effects\dedicated.cpp">
      <Filter>Source Files</Filter>
    </ClCompile>
    <ClCompile Include="E:\Frank\Desktop\Frank\CS184\3DWorld_git\dependencies\openal-soft\alc\effects\distortion.cpp">
      <Filter>Source Files</Filter>
    </ClCompile>
    <ClCompile Include="E:\Frank\Desktop\Frank\CS184\3DWorld_git\dependencies\openal-soft\alc\effects\echo.cpp">
      <Filter>Source Files</Filter>
    </ClCompile>
    <ClCompile Include="E:\Frank\Desktop\Frank\CS184\3DWorld_git\dependencies\openal-soft\alc\effects\equalizer.cpp">
      <Filter>Source Files</Filter>
    </ClCompile>
    <ClCompile Include="E:\Frank\Desktop\Frank\CS184\3DWorld_git\dependencies\openal-soft\alc\effects\fshifter.cpp">
      <Filter>Source Files</Filter>
    </ClCompile>
    <ClCompile Include="E:\Frank\Desktop\Frank\CS184\3DWorld_git\dependencies\openal-soft\alc\effects\modulator.cpp">
      <Filter>Source Files</Filter>
    </ClCompile>
    <ClCompile Include="E:\Frank\Desktop\Frank\CS184\3DWorld_git\dependencies\openal-soft\alc\effects\null.cpp">
      <Filter>Source Files</Filter>
    </ClCompile>
    <ClCompile Include="E:\Frank\Desktop\Frank\CS184\3DWorld_git\dependencies\openal-soft\alc\effects\pshifter.cpp">
      <Filter>Source Files</Filter>
    </ClCompile>
    <ClCompile Include="E:\Frank\Desktop\Frank\CS184\3DWorld_git\dependencies\openal-soft\alc\effects\reverb.cpp">
      <Filter>Source Files</Filter>
    </ClCompile>
    <ClCompile Include="E:\Frank\Desktop\Frank\CS184\3DWorld_git\dependencies\openal-soft\alc\effects\vmorpher.cpp">
      <Filter>Source Files</Filter>
    </ClCompile>
    <ClCompile Include="E:\Frank\Desktop\Frank\CS184\3DWorld_git\dependencies\openal-soft\alc\panning.cpp">
      <Filter>Source Files</Filter>
    </ClCompile>
    <ClCompile Include="E:\Frank\Desktop\Frank\CS184\3DWorld_git\dependencies\openal-soft\alc\backends\base.cpp">
      <Filter>Source Files</Filter>
    </ClCompile>
    <ClCompile Include="E:\Frank\Desktop\Frank\CS184\3DWorld_git\dependencies\openal-soft\alc\backends\loopback.cpp">
      <Filter>Source Files</Filter>
    </ClCompile>
    <ClCompile Include="E:\Frank\Desktop\Frank\CS184\3DWorld_git\dependencies\openal-soft\alc\backends\null.cpp">
      <Filter>Source Files</Filter>
    </ClCompile>
    <ClCompile Include="E:\Frank\Desktop\Frank\CS184\3DWorld_git\dependencies\openal-soft\alc\backends\winmm.cpp">
      <Filter>Source Files</Filter>
    </ClCompile>
    <ClCompile Include="E:\Frank\Desktop\Frank\CS184\3DWorld_git\dependencies\openal-soft\alc\backends\dsound.cpp">
      <Filter>Source Files</Filter>
    </ClCompile>
    <ClCompile Include="E:\Frank\Desktop\Frank\CS184\3DWorld_git\dependencies\openal-soft\alc\backends\wasapi.cpp">
      <Filter>Source Files</Filter>
    </ClCompile>
    <ClCompile Include="E:\Frank\Desktop\Frank\CS184\3DWorld_git\dependencies\openal-soft\alc\backends\wave.cpp">
      <Filter>Source Files</Filter>
    </ClCompile>
    <ClCompile Include="E:\Frank\Desktop\Frank\CS184\3DWorld_git\dependencies\openal-soft\core\ambdec.cpp">
      <Filter>Source Files</Filter>
    </ClCompile>
    <ClCompile Include="E:\Frank\Desktop\Frank\CS184\3DWorld_git\dependencies\openal-soft\core\ambidefs.cpp">
      <Filter>Source Files</Filter>
    </ClCompile>
    <ClCompile Include="E:\Frank\Desktop\Frank\CS184\3DWorld_git\dependencies\openal-soft\core\bformatdec.cpp">
      <Filter>Source Files</Filter>
    </ClCompile>
    <ClCompile Include="E:\Frank\Desktop\Frank\CS184\3DWorld_git\dependencies\openal-soft\core\bs2b.cpp">
      <Filter>Source Files</Filter>
    </ClCompile>
    <ClCompile Include="E:\Frank\Desktop\Frank\CS184\3DWorld_git\dependencies\openal-soft\core\bsinc_tables.cpp">
      <Filter>Source Files</Filter>
    </ClCompile>
    <ClCompile Include="E:\Frank\Desktop\Frank\CS184\3DWorld_git\dependencies\openal-soft\core\buffer_storage.cpp">
      <Filter>Source Files</Filter>
    </ClCompile>
    <ClCompile Include="E:\Frank\Desktop\Frank\CS184\3DWorld_git\dependencies\openal-soft\core\context.cpp">
      <Filter>Source Files</Filter>
    </ClCompile>
    <ClCompile Include="E:\Frank\Desktop\Frank\CS184\3DWorld_git\dependencies\openal-soft\core\converter.cpp">
      <Filter>Source Files</Filter>
    </ClCompile>
    <ClCompile Include="E:\Frank\Desktop\Frank\CS184\3DWorld_git\dependencies\openal-soft\core\cpu_caps.cpp">
      <Filter>Source Files</Filter>
    </ClCompile>
    <ClCompile Include="E:\Frank\Desktop\Frank\CS184\3DWorld_git\dependencies\openal-soft\core\devformat.cpp">
      <Filter>Source Files</Filter>
    </ClCompile>
    <ClCompile Include="E:\Frank\Desktop\Frank\CS184\3DWorld_git\dependencies\openal-soft\core\device.cpp">
      <Filter>Source Files</Filter>
    </ClCompile>
    <ClCompile Include="E:\Frank\Desktop\Frank\CS184\3DWorld_git\dependencies\openal-soft\core\except.cpp">
      <Filter>Source Files</Filter>
    </ClCompile>
    <ClCompile Include="E:\Frank\Desktop\Frank\CS184\3DWorld_git\dependencies\openal-soft\core\filters\biquad.cpp">
      <Filter>Source Files</Filter>
    </ClCompile>
    <ClCompile Include="E:\Frank\Desktop\Frank\CS184\3DWorld_git\dependencies\openal-soft\core\filters\nfc.cpp">
      <Filter>Source Files</Filter>
    </ClCompile>
    <ClCompile Include="E:\Frank\Desktop\Frank\CS184\3DWorld_git\dependencies\openal-soft\core\filters\splitter.cpp">
      <Filter>Source Files</Filter>
    </ClCompile>
    <ClCompile Include="E:\Frank\Desktop\Frank\CS184\3DWorld_git\dependencies\openal-soft\core\fmt_traits.cpp">
      <Filter>Source Files</Filter>
    </ClCompile>
    <ClCompile Include="E:\Frank\Desktop\Frank\CS184\3DWorld_git\dependencies\openal-soft\core\fpu_ctrl.cpp">
      <Filter>Source Files</Filter>
    </ClCompile>
    <ClCompile Include="E:\Frank\Desktop\Frank\CS184\3DWorld_git\dependencies\openal-soft\core\helpers.cpp">
      <Filter>Source Files</Filter>
    </ClCompile>
    <ClCompile Include="E:\Frank\Desktop\Frank\CS184\3DWorld_git\dependencies\openal-soft\core\hrtf.cpp">
      <Filter>Source Files</Filter>
    </ClCompile>
    <ClCompile Include="E:\Frank\Desktop\Frank\CS184\3DWorld_git\dependencies\openal-soft\core\logging.cpp">
      <Filter>Source Files</Filter>
    </ClCompile>
    <ClCompile Include="E:\Frank\Desktop\Frank\CS184\3DWorld_git\dependencies\openal-soft\core\mastering.cpp">
      <Filter>Source Files</Filter>
    </ClCompile>
    <ClCompile Include="E:\Frank\Desktop\Frank\CS184\3DWorld_git\dependencies\openal-soft\core\mixer.cpp">
      <Filter>Source Files</Filter>
    </ClCompile>
    <ClCompile Include="E:\Frank\Desktop\Frank\CS184\3DWorld_git\dependencies\openal-soft\core\uhjfilter.cpp">
      <Filter>Source Files</Filter>
    </ClCompile>
    <ClCompile Include="E:\Frank\Desktop\Frank\CS184\3DWorld_git\dependencies\openal-soft\core\uiddefs.cpp">
      <Filter>Source Files</Filter>
    </ClCompile>
    <ClCompile Include="E:\Frank\Desktop\Frank\CS184\3DWorld_git\dependencies\openal-soft\core\voice.cpp">
      <Filter>Source Files</Filter>
    </ClCompile>
    <ClCompile Include="E:\Frank\Desktop\Frank\CS184\3DWorld_git\dependencies\openal-soft\core\mixer\mixer_c.cpp">
      <Filter>Source Files</Filter>
    </ClCompile>
    <ClCompile Include="E:\Frank\Desktop\Frank\CS184\3DWorld_git\dependencies\openal-soft\core\mixer\mixer_sse.cpp">
      <Filter>Source Files</Filter>
    </ClCompile>
    <ClCompile Include="E:\Frank\Desktop\Frank\CS184\3DWorld_git\dependencies\openal-soft\core\mixer\mixer_sse2.cpp">
      <Filter>Source Files</Filter>
    </ClCompile>
    <ClCompile Include="E:\Frank\Desktop\Frank\CS184\3DWorld_git\dependencies\openal-soft\core\mixer\mixer_sse3.cpp">
      <Filter>Source Files</Filter>
    </ClCompile>
    <ClCompile Include="E:\Frank\Desktop\Frank\CS184\3DWorld_git\dependencies\openal-soft\core\mixer\mixer_sse41.cpp">
      <Filter>Source Files</Filter>
    </ClCompile>
  </ItemGroup>
  <ItemGroup>
    <ClInclude Include="E:\Frank\Desktop\Frank\CS184\3DWorld_git\dependencies\openal-soft\al\auxeffectslot.h">
      <Filter>Header Files</Filter>
    </ClInclude>
    <ClInclude Include="E:\Frank\Desktop\Frank\CS184\3DWorld_git\dependencies\openal-soft\al\buffer.h">
      <Filter>Header Files</Filter>
    </ClInclude>
    <ClInclude Include="E:\Frank\Desktop\Frank\CS184\3DWorld_git\dependencies\openal-soft\al\effect.h">
      <Filter>Header Files</Filter>
    </ClInclude>
    <ClInclude Include="E:\Frank\Desktop\Frank\CS184\3DWorld_git\dependencies\openal-soft\al\effects\effects.h">
      <Filter>Header Files</Filter>
    </ClInclude>
    <ClInclude Include="E:\Frank\Desktop\Frank\CS184\3DWorld_git\dependencies\openal-soft\al\event.h">
      <Filter>Header Files</Filter>
    </ClInclude>
    <ClInclude Include="E:\Frank\Desktop\Frank\CS184\3DWorld_git\dependencies\openal-soft\al\filter.h">
      <Filter>Header Files</Filter>
    </ClInclude>
    <ClInclude Include="E:\Frank\Desktop\Frank\CS184\3DWorld_git\dependencies\openal-soft\al\listener.h">
      <Filter>Header Files</Filter>
    </ClInclude>
    <ClInclude Include="E:\Frank\Desktop\Frank\CS184\3DWorld_git\dependencies\openal-soft\al\source.h">
      <Filter>Header Files</Filter>
    </ClInclude>
    <ClInclude Include="E:\Frank\Desktop\Frank\CS184\3DWorld_git\dependencies\openal-soft\alc\alu.h">
      <Filter>Header Files</Filter>
    </ClInclude>
    <ClInclude Include="E:\Frank\Desktop\Frank\CS184\3DWorld_git\dependencies\openal-soft\alc\alconfig.h">
      <Filter>Header Files</Filter>
    </ClInclude>
    <ClInclude Include="E:\Frank\Desktop\Frank\CS184\3DWorld_git\dependencies\openal-soft\alc\context.h">
      <Filter>Header Files</Filter>
    </ClInclude>
    <ClInclude Include="E:\Frank\Desktop\Frank\CS184\3DWorld_git\dependencies\openal-soft\alc\device.h">
      <Filter>Header Files</Filter>
    </ClInclude>
    <ClInclude Include="E:\Frank\Desktop\Frank\CS184\3DWorld_git\dependencies\openal-soft\alc\effectslot.h">
      <Filter>Header Files</Filter>
    </ClInclude>
    <ClInclude Include="E:\Frank\Desktop\Frank\CS184\3DWorld_git\dependencies\openal-soft\alc\effects\base.h">
      <Filter>Header Files</Filter>
    </ClInclude>
    <ClInclude Include="E:\Frank\Desktop\Frank\CS184\3DWorld_git\dependencies\openal-soft\alc\inprogext.h">
      <Filter>Header Files</Filter>
    </ClInclude>
    <ClInclude Include="E:\Frank\Desktop\Frank\CS184\3DWorld_git\dependencies\openal-soft\alc\backends\base.h">
      <Filter>Header Files</Filter>
    </ClInclude>
    <ClInclude Include="E:\Frank\Desktop\Frank\CS184\3DWorld_git\dependencies\openal-soft\alc\backends\loopback.h">
      <Filter>Header Files</Filter>
    </ClInclude>
    <ClInclude Include="E:\Frank\Desktop\Frank\CS184\3DWorld_git\dependencies\openal-soft\alc\backends\null.h">
      <Filter>Header Files</Filter>
    </ClInclude>
    <ClInclude Include="E:\Frank\Desktop\Frank\CS184\3DWorld_git\dependencies\openal-soft\alc\backends\winmm.h">
      <Filter>Header Files</Filter>
    </ClInclude>
    <ClInclude Include="E:\Frank\Desktop\Frank\CS184\3DWorld_git\dependencies\openal-soft\alc\backends\dsound.h">
      <Filter>Header Files</Filter>
    </ClInclude>
    <ClInclude Include="E:\Frank\Desktop\Frank\CS184\3DWorld_git\dependencies\openal-soft\alc\backends\wasapi.h">
      <Filter>Header Files</Filter>
    </ClInclude>
    <ClInclude Include="E:\Frank\Desktop\Frank\CS184\3DWorld_git\dependencies\openal-soft\alc\backends\wave.h">
      <Filter>Header Files</Filter>
    </ClInclude>
    <ClInclude Include="E:\Frank\Desktop\Frank\CS184\3DWorld_git\dependencies\openal-soft\hrtf_default.h">
      <Filter>Header Files</Filter>
    </ClInclude>
    <ClInclude Include="E:\Frank\Desktop\Frank\CS184\3DWorld_git\dependencies\openal-soft\core\ambdec.h">
      <Filter>Header Files</Filter>
    </ClInclude>
    <ClInclude Include="E:\Frank\Desktop\Frank\CS184\3DWorld_git\dependencies\openal-soft\core\ambidefs.h">
      <Filter>Header Files</Filter>
    </ClInclude>
    <ClInclude Include="E:\Frank\Desktop\Frank\CS184\3DWorld_git\dependencies\openal-soft\core\async_event.h">
      <Filter>Header Files</Filter>
    </ClInclude>
    <ClInclude Include="E:\Frank\Desktop\Frank\CS184\3DWorld_git\dependencies\openal-soft\core\bformatdec.h">
      <Filter>Header Files</Filter>
    </ClInclude>
    <ClInclude Include="E:\Frank\Desktop\Frank\CS184\3DWorld_git\dependencies\openal-soft\core\bs2b.h">
      <Filter>Header Files</Filter>
    </ClInclude>
    <ClInclude Include="E:\Frank\Desktop\Frank\CS184\3DWorld_git\dependencies\openal-soft\core\bsinc_defs.h">
      <Filter>Header Files</Filter>
    </ClInclude>
    <ClInclude Include="E:\Frank\Desktop\Frank\CS184\3DWorld_git\dependencies\openal-soft\core\bsinc_tables.h">
      <Filter>Header Files</Filter>
    </ClInclude>
    <ClInclude Include="E:\Frank\Desktop\Frank\CS184\3DWorld_git\dependencies\openal-soft\core\bufferline.h">
      <Filter>Header Files</Filter>
    </ClInclude>
    <ClInclude Include="E:\Frank\Desktop\Frank\CS184\3DWorld_git\dependencies\openal-soft\core\buffer_storage.h">
      <Filter>Header Files</Filter>
    </ClInclude>
    <ClInclude Include="E:\Frank\Desktop\Frank\CS184\3DWorld_git\dependencies\openal-soft\core\context.h">
      <Filter>Header Files</Filter>
    </ClInclude>
    <ClInclude Include="E:\Frank\Desktop\Frank\CS184\3DWorld_git\dependencies\openal-soft\core\converter.h">
      <Filter>Header Files</Filter>
    </ClInclude>
    <ClInclude Include="E:\Frank\Desktop\Frank\CS184\3DWorld_git\dependencies\openal-soft\core\cpu_caps.h">
      <Filter>Header Files</Filter>
    </ClInclude>
    <ClInclude Include="E:\Frank\Desktop\Frank\CS184\3DWorld_git\dependencies\openal-soft\core\devformat.h">
      <Filter>Header Files</Filter>
    </ClInclude>
    <ClInclude Include="E:\Frank\Desktop\Frank\CS184\3DWorld_git\dependencies\openal-soft\core\device.h">
      <Filter>Header Files</Filter>
    </ClInclude>
    <ClInclude Include="E:\Frank\Desktop\Frank\CS184\3DWorld_git\dependencies\openal-soft\core\except.h">
      <Filter>Header Files</Filter>
    </ClInclude>
    <ClInclude Include="E:\Frank\Desktop\Frank\CS184\3DWorld_git\dependencies\openal-soft\core\filters\biquad.h">
      <Filter>Header Files</Filter>
    </ClInclude>
    <ClInclude Include="E:\Frank\Desktop\Frank\CS184\3DWorld_git\dependencies\openal-soft\core\filters\nfc.h">
      <Filter>Header Files</Filter>
    </ClInclude>
    <ClInclude Include="E:\Frank\Desktop\Frank\CS184\3DWorld_git\dependencies\openal-soft\core\filters\splitter.h">
      <Filter>Header Files</Filter>
    </ClInclude>
    <ClInclude Include="E:\Frank\Desktop\Frank\CS184\3DWorld_git\dependencies\openal-soft\core\fmt_traits.h">
      <Filter>Header Files</Filter>
    </ClInclude>
    <ClInclude Include="E:\Frank\Desktop\Frank\CS184\3DWorld_git\dependencies\openal-soft\core\fpu_ctrl.h">
      <Filter>Header Files</Filter>
    </ClInclude>
    <ClInclude Include="E:\Frank\Desktop\Frank\CS184\3DWorld_git\dependencies\openal-soft\core\front_stablizer.h">
      <Filter>Header Files</Filter>
    </ClInclude>
    <ClInclude Include="E:\Frank\Desktop\Frank\CS184\3DWorld_git\dependencies\openal-soft\core\helpers.h">
      <Filter>Header Files</Filter>
    </ClInclude>
    <ClInclude Include="E:\Frank\Desktop\Frank\CS184\3DWorld_git\dependencies\openal-soft\core\hrtf.h">
      <Filter>Header Files</Filter>
    </ClInclude>
    <ClInclude Include="E:\Frank\Desktop\Frank\CS184\3DWorld_git\dependencies\openal-soft\core\logging.h">
      <Filter>Header Files</Filter>
    </ClInclude>
    <ClInclude Include="E:\Frank\Desktop\Frank\CS184\3DWorld_git\dependencies\openal-soft\core\mastering.h">
      <Filter>Header Files</Filter>
    </ClInclude>
    <ClInclude Include="E:\Frank\Desktop\Frank\CS184\3DWorld_git\dependencies\openal-soft\core\mixer.h">
      <Filter>Header Files</Filter>
    </ClInclude>
    <ClInclude Include="E:\Frank\Desktop\Frank\CS184\3DWorld_git\dependencies\openal-soft\core\resampler_limits.h">
      <Filter>Header Files</Filter>
    </ClInclude>
    <ClInclude Include="E:\Frank\Desktop\Frank\CS184\3DWorld_git\dependencies\openal-soft\core\uhjfilter.h">
      <Filter>Header Files</Filter>
    </ClInclude>
    <ClInclude Include="E:\Frank\Desktop\Frank\CS184\3DWorld_git\dependencies\openal-soft\core\voice.h">
      <Filter>Header Files</Filter>
    </ClInclude>
    <ClInclude Include="E:\Frank\Desktop\Frank\CS184\3DWorld_git\dependencies\openal-soft\core\voice_change.h">
      <Filter>Header Files</Filter>
    </ClInclude>
    <ClInclude Include="E:\Frank\Desktop\Frank\CS184\3DWorld_git\dependencies\openal-soft\core\mixer\defs.h">
      <Filter>Header Files</Filter>
    </ClInclude>
    <ClInclude Include="E:\Frank\Desktop\Frank\CS184\3DWorld_git\dependencies\openal-soft\core\mixer\hrtfbase.h">
      <Filter>Header Files</Filter>
    </ClInclude>
    <ClInclude Include="E:\Frank\Desktop\Frank\CS184\3DWorld_git\dependencies\openal-soft\core\mixer\hrtfdefs.h">
      <Filter>Header Files</Filter>
    </ClInclude>
    <ClInclude Include="E:\Frank\Desktop\Frank\CS184\3DWorld_git\dependencies\openal-soft\include\AL\al.h">
      <Filter>Header Files</Filter>
    </ClInclude>
    <ClInclude Include="E:\Frank\Desktop\Frank\CS184\3DWorld_git\dependencies\openal-soft\include\AL\alc.h">
      <Filter>Header Files</Filter>
    </ClInclude>
    <ClInclude Include="E:\Frank\Desktop\Frank\CS184\3DWorld_git\dependencies\openal-soft\include\AL\alext.h">
      <Filter>Header Files</Filter>
    </ClInclude>
    <ClInclude Include="E:\Frank\Desktop\Frank\CS184\3DWorld_git\dependencies\openal-soft\include\AL\efx.h">
      <Filter>Header Files</Filter>
    </ClInclude>
  </ItemGroup>
  <ItemGroup>
    <CustomBuild Include="E:\Frank\Desktop\Frank\CS184\3DWorld_git\dependencies\openal-soft\CMakeFiles\28947e3bedc0e488edca27544c57df46\hrtf_default.h.rule">
      <Filter>CMake Rules</Filter>
    </CustomBuild>
    <CustomBuild Include="E:\Frank\Desktop\Frank\CS184\3DWorld_git\dependencies\openal-soft\CMakeLists.txt" />
  </ItemGroup>
  <ItemGroup>
    <ResourceCompile Include="E:\Frank\Desktop\Frank\CS184\3DWorld_git\dependencies\openal-soft\resources\openal32.rc">
      <Filter>Source Files</Filter>
    </ResourceCompile>
  </ItemGroup>
  <ItemGroup>
    <Filter Include="CMake Rules">
      <UniqueIdentifier>{4DABB352-C8C8-3517-ABEC-5055DCC43F56}</UniqueIdentifier>
    </Filter>
    <Filter Include="Header Files">
      <UniqueIdentifier>{6125DAEB-463F-39E6-90C1-62052F401A7C}</UniqueIdentifier>
    </Filter>
    <Filter Include="Source Files">
      <UniqueIdentifier>{70CDACBA-40A6-3C05-94BE-60821ABCEE72}</UniqueIdentifier>
    </Filter>
  </ItemGroup>
</Project>
