Microsoft Visual Studio Solution File, Format Version 12.00
# Visual Studio 16
Project("{8BC9CEB8-8B4A-11D0-8D11-00A0C91BC942}") = "ALL_BUILD", "ALL_BUILD.vcxproj", "{5B913766-7290-315E-AC11-C9687B60ADED}"
	ProjectSection(ProjectDependencies) = postProject
		{9266AAEA-A180-38AA-9C7D-6C5C90BF4A40} = {9266AAEA-A180-38AA-9C7D-6C5C90BF4A40}
		{CEA69A6E-AF5F-3EC9-8209-4773CB2A6C8E} = {CEA69A6E-AF5F-3EC9-8209-4773CB2A6C8E}
		{70896557-B171-3FC3-9A0B-1934D15C749E} = {70896557-B171-3FC3-9A0B-1934D15C749E}
		{D03D164C-43EF-3098-B3AF-492E0B79B962} = {D03D164C-43EF-3098-B3AF-492E0B79B962}
		{40C62FD8-90D8-3F74-BCE1-76B2E0439656} = {40C62FD8-90D8-3F74-BCE1-76B2E0439656}
	EndProjectSection
EndProject
Project("{8BC9CEB8-8B4A-11D0-8D11-00A0C91BC942}") = "INSTALL", "INSTALL.vcxproj", "{CD9A1D69-9A43-3B45-B6C1-DE902B897C1E}"
	ProjectSection(ProjectDependencies) = postProject
		{5B913766-7290-315E-AC11-C9687B60ADED} = {5B913766-7290-315E-AC11-C9687B60ADED}
		{CEA69A6E-AF5F-3EC9-8209-4773CB2A6C8E} = {CEA69A6E-AF5F-3EC9-8209-4773CB2A6C8E}
	EndProjectSection
EndProject
Project("{8BC9CEB8-8B4A-11D0-8D11-00A0C91BC942}") = "OpenAL", "OpenAL.vcxproj", "{9266AAEA-A180-38AA-9C7D-6C5C90BF4A40}"
	ProjectSection(ProjectDependencies) = postProject
		{CEA69A6E-AF5F-3EC9-8209-4773CB2A6C8E} = {CEA69A6E-AF5F-3EC9-8209-4773CB2A6C8E}
		{65570BC1-060E-368C-A7B3-7AC5AB43CE51} = {65570BC1-060E-368C-A7B3-7AC5AB43CE51}
		{A619AF2C-C827-31F5-9576-7AC1AD3C9D37} = {A619AF2C-C827-31F5-9576-7AC1AD3C9D37}
	EndProjectSection
EndProject
Project("{8BC9CEB8-8B4A-11D0-8D11-00A0C91BC942}") = "ZERO_CHECK", "ZERO_CHECK.vcxproj", "{CEA69A6E-AF5F-3EC9-8209-4773CB2A6C8E}"
	ProjectSection(ProjectDependencies) = postProject
	EndProjectSection
EndProject
Project("{8BC9CEB8-8B4A-11D0-8D11-00A0C91BC942}") = "alrecord", "alrecord.vcxproj", "{70896557-B171-3FC3-9A0B-1934D15C749E}"
	ProjectSection(ProjectDependencies) = postProject
		{9266AAEA-A180-38AA-9C7D-6C5C90BF4A40} = {9266AAEA-A180-38AA-9C7D-6C5C90BF4A40}
		{CEA69A6E-AF5F-3EC9-8209-4773CB2A6C8E} = {CEA69A6E-AF5F-3EC9-8209-4773CB2A6C8E}
		{5669B76C-936B-3FB3-A3BE-B0C5B3DF63DA} = {5669B76C-936B-3FB3-A3BE-B0C5B3DF63DA}
	EndProjectSection
EndProject
Project("{8BC9CEB8-8B4A-11D0-8D11-00A0C91BC942}") = "altonegen", "altonegen.vcxproj", "{D03D164C-43EF-3098-B3AF-492E0B79B962}"
	ProjectSection(ProjectDependencies) = postProject
		{9266AAEA-A180-38AA-9C7D-6C5C90BF4A40} = {9266AAEA-A180-38AA-9C7D-6C5C90BF4A40}
		{CEA69A6E-AF5F-3EC9-8209-4773CB2A6C8E} = {CEA69A6E-AF5F-3EC9-8209-4773CB2A6C8E}
		{5669B76C-936B-3FB3-A3BE-B0C5B3DF63DA} = {5669B76C-936B-3FB3-A3BE-B0C5B3DF63DA}
	EndProjectSection
EndProject
Project("{8BC9CEB8-8B4A-11D0-8D11-00A0C91BC942}") = "build_version", "build_version.vcxproj", "{65570BC1-060E-368C-A7B3-7AC5AB43CE51}"
	ProjectSection(ProjectDependencies) = postProject
		{CEA69A6E-AF5F-3EC9-8209-4773CB2A6C8E} = {CEA69A6E-AF5F-3EC9-8209-4773CB2A6C8E}
	EndProjectSection
EndProject
Project("{8BC9CEB8-8B4A-11D0-8D11-00A0C91BC942}") = "common", "common.vcxproj", "{A619AF2C-C827-31F5-9576-7AC1AD3C9D37}"
	ProjectSection(ProjectDependencies) = postProject
		{CEA69A6E-AF5F-3EC9-8209-4773CB2A6C8E} = {CEA69A6E-AF5F-3EC9-8209-4773CB2A6C8E}
	EndProjectSection
EndProject
Project("{8BC9CEB8-8B4A-11D0-8D11-00A0C91BC942}") = "ex-common", "ex-common.vcxproj", "{5669B76C-936B-3FB3-A3BE-B0C5B3DF63DA}"
	ProjectSection(ProjectDependencies) = postProject
		{9266AAEA-A180-38AA-9C7D-6C5C90BF4A40} = {9266AAEA-A180-38AA-9C7D-6C5C90BF4A40}
		{CEA69A6E-AF5F-3EC9-8209-4773CB2A6C8E} = {CEA69A6E-AF5F-3EC9-8209-4773CB2A6C8E}
	EndProjectSection
EndProject
Project("{8BC9CEB8-8B4A-11D0-8D11-00A0C91BC942}") = "openal-info", "openal-info.vcxproj", "{40C62FD8-90D8-3F74-BCE1-76B2E0439656}"
	ProjectSection(ProjectDependencies) = postProject
		{9266AAEA-A180-38AA-9C7D-6C5C90BF4A40} = {9266AAEA-A180-38AA-9C7D-6C5C90BF4A40}
		{CEA69A6E-AF5F-3EC9-8209-4773CB2A6C8E} = {CEA69A6E-AF5F-3EC9-8209-4773CB2A6C8E}
	EndProjectSection
EndProject
Global
	GlobalSection(SolutionConfigurationPlatforms) = preSolution
		Debug|x64 = Debug|x64
		Release|x64 = Release|x64
		MinSizeRel|x64 = MinSizeRel|x64
		RelWithDebInfo|x64 = RelWithDebInfo|x64
	EndGlobalSection
	GlobalSection(ProjectConfigurationPlatforms) = postSolution
		{5B913766-7290-315E-AC11-C9687B60ADED}.Debug|x64.ActiveCfg = Debug|x64
		{5B913766-7290-315E-AC11-C9687B60ADED}.Debug|x64.Build.0 = Debug|x64
		{5B913766-7290-315E-AC11-C9687B60ADED}.Release|x64.ActiveCfg = Release|x64
		{5B913766-7290-315E-AC11-C9687B60ADED}.Release|x64.Build.0 = Release|x64
		{5B913766-7290-315E-AC11-C9687B60ADED}.MinSizeRel|x64.ActiveCfg = MinSizeRel|x64
		{5B913766-7290-315E-AC11-C9687B60ADED}.MinSizeRel|x64.Build.0 = MinSizeRel|x64
		{5B913766-7290-315E-AC11-C9687B60ADED}.RelWithDebInfo|x64.ActiveCfg = RelWithDebInfo|x64
		{5B913766-7290-315E-AC11-C9687B60ADED}.RelWithDebInfo|x64.Build.0 = RelWithDebInfo|x64
		{CD9A1D69-9A43-3B45-B6C1-DE902B897C1E}.Debug|x64.ActiveCfg = Debug|x64
		{CD9A1D69-9A43-3B45-B6C1-DE902B897C1E}.Release|x64.ActiveCfg = Release|x64
		{CD9A1D69-9A43-3B45-B6C1-DE902B897C1E}.MinSizeRel|x64.ActiveCfg = MinSizeRel|x64
		{CD9A1D69-9A43-3B45-B6C1-DE902B897C1E}.RelWithDebInfo|x64.ActiveCfg = RelWithDebInfo|x64
		{9266AAEA-A180-38AA-9C7D-6C5C90BF4A40}.Debug|x64.ActiveCfg = Debug|x64
		{9266AAEA-A180-38AA-9C7D-6C5C90BF4A40}.Debug|x64.Build.0 = Debug|x64
		{9266AAEA-A180-38AA-9C7D-6C5C90BF4A40}.Release|x64.ActiveCfg = Release|x64
		{9266AAEA-A180-38AA-9C7D-6C5C90BF4A40}.Release|x64.Build.0 = Release|x64
		{9266AAEA-A180-38AA-9C7D-6C5C90BF4A40}.MinSizeRel|x64.ActiveCfg = MinSizeRel|x64
		{9266AAEA-A180-38AA-9C7D-6C5C90BF4A40}.MinSizeRel|x64.Build.0 = MinSizeRel|x64
		{9266AAEA-A180-38AA-9C7D-6C5C90BF4A40}.RelWithDebInfo|x64.ActiveCfg = RelWithDebInfo|x64
		{9266AAEA-A180-38AA-9C7D-6C5C90BF4A40}.RelWithDebInfo|x64.Build.0 = RelWithDebInfo|x64
		{CEA69A6E-AF5F-3EC9-8209-4773CB2A6C8E}.Debug|x64.ActiveCfg = Debug|x64
		{CEA69A6E-AF5F-3EC9-8209-4773CB2A6C8E}.Debug|x64.Build.0 = Debug|x64
		{CEA69A6E-AF5F-3EC9-8209-4773CB2A6C8E}.Release|x64.ActiveCfg = Release|x64
		{CEA69A6E-AF5F-3EC9-8209-4773CB2A6C8E}.Release|x64.Build.0 = Release|x64
		{CEA69A6E-AF5F-3EC9-8209-4773CB2A6C8E}.MinSizeRel|x64.ActiveCfg = MinSizeRel|x64
		{CEA69A6E-AF5F-3EC9-8209-4773CB2A6C8E}.MinSizeRel|x64.Build.0 = MinSizeRel|x64
		{CEA69A6E-AF5F-3EC9-8209-4773CB2A6C8E}.RelWithDebInfo|x64.ActiveCfg = RelWithDebInfo|x64
		{CEA69A6E-AF5F-3EC9-8209-4773CB2A6C8E}.RelWithDebInfo|x64.Build.0 = RelWithDebInfo|x64
		{70896557-B171-3FC3-9A0B-1934D15C749E}.Debug|x64.ActiveCfg = Debug|x64
		{70896557-B171-3FC3-9A0B-1934D15C749E}.Debug|x64.Build.0 = Debug|x64
		{70896557-B171-3FC3-9A0B-1934D15C749E}.Release|x64.ActiveCfg = Release|x64
		{70896557-B171-3FC3-9A0B-1934D15C749E}.Release|x64.Build.0 = Release|x64
		{70896557-B171-3FC3-9A0B-1934D15C749E}.MinSizeRel|x64.ActiveCfg = MinSizeRel|x64
		{70896557-B171-3FC3-9A0B-1934D15C749E}.MinSizeRel|x64.Build.0 = MinSizeRel|x64
		{70896557-B171-3FC3-9A0B-1934D15C749E}.RelWithDebInfo|x64.ActiveCfg = RelWithDebInfo|x64
		{70896557-B171-3FC3-9A0B-1934D15C749E}.RelWithDebInfo|x64.Build.0 = RelWithDebInfo|x64
		{D03D164C-43EF-3098-B3AF-492E0B79B962}.Debug|x64.ActiveCfg = Debug|x64
		{D03D164C-43EF-3098-B3AF-492E0B79B962}.Debug|x64.Build.0 = Debug|x64
		{D03D164C-43EF-3098-B3AF-492E0B79B962}.Release|x64.ActiveCfg = Release|x64
		{D03D164C-43EF-3098-B3AF-492E0B79B962}.Release|x64.Build.0 = Release|x64
		{D03D164C-43EF-3098-B3AF-492E0B79B962}.MinSizeRel|x64.ActiveCfg = MinSizeRel|x64
		{D03D164C-43EF-3098-B3AF-492E0B79B962}.MinSizeRel|x64.Build.0 = MinSizeRel|x64
		{D03D164C-43EF-3098-B3AF-492E0B79B962}.RelWithDebInfo|x64.ActiveCfg = RelWithDebInfo|x64
		{D03D164C-43EF-3098-B3AF-492E0B79B962}.RelWithDebInfo|x64.Build.0 = RelWithDebInfo|x64
		{65570BC1-060E-368C-A7B3-7AC5AB43CE51}.Debug|x64.ActiveCfg = Debug|x64
		{65570BC1-060E-368C-A7B3-7AC5AB43CE51}.Debug|x64.Build.0 = Debug|x64
		{65570BC1-060E-368C-A7B3-7AC5AB43CE51}.Release|x64.ActiveCfg = Release|x64
		{65570BC1-060E-368C-A7B3-7AC5AB43CE51}.Release|x64.Build.0 = Release|x64
		{65570BC1-060E-368C-A7B3-7AC5AB43CE51}.MinSizeRel|x64.ActiveCfg = MinSizeRel|x64
		{65570BC1-060E-368C-A7B3-7AC5AB43CE51}.MinSizeRel|x64.Build.0 = MinSizeRel|x64
		{65570BC1-060E-368C-A7B3-7AC5AB43CE51}.RelWithDebInfo|x64.ActiveCfg = RelWithDebInfo|x64
		{65570BC1-060E-368C-A7B3-7AC5AB43CE51}.RelWithDebInfo|x64.Build.0 = RelWithDebInfo|x64
		{A619AF2C-C827-31F5-9576-7AC1AD3C9D37}.Debug|x64.ActiveCfg = Debug|x64
		{A619AF2C-C827-31F5-9576-7AC1AD3C9D37}.Debug|x64.Build.0 = Debug|x64
		{A619AF2C-C827-31F5-9576-7AC1AD3C9D37}.Release|x64.ActiveCfg = Release|x64
		{A619AF2C-C827-31F5-9576-7AC1AD3C9D37}.Release|x64.Build.0 = Release|x64
		{A619AF2C-C827-31F5-9576-7AC1AD3C9D37}.MinSizeRel|x64.ActiveCfg = MinSizeRel|x64
		{A619AF2C-C827-31F5-9576-7AC1AD3C9D37}.MinSizeRel|x64.Build.0 = MinSizeRel|x64
		{A619AF2C-C827-31F5-9576-7AC1AD3C9D37}.RelWithDebInfo|x64.ActiveCfg = RelWithDebInfo|x64
		{A619AF2C-C827-31F5-9576-7AC1AD3C9D37}.RelWithDebInfo|x64.Build.0 = RelWithDebInfo|x64
		{5669B76C-936B-3FB3-A3BE-B0C5B3DF63DA}.Debug|x64.ActiveCfg = Debug|x64
		{5669B76C-936B-3FB3-A3BE-B0C5B3DF63DA}.Debug|x64.Build.0 = Debug|x64
		{5669B76C-936B-3FB3-A3BE-B0C5B3DF63DA}.Release|x64.ActiveCfg = Release|x64
		{5669B76C-936B-3FB3-A3BE-B0C5B3DF63DA}.Release|x64.Build.0 = Release|x64
		{5669B76C-936B-3FB3-A3BE-B0C5B3DF63DA}.MinSizeRel|x64.ActiveCfg = MinSizeRel|x64
		{5669B76C-936B-3FB3-A3BE-B0C5B3DF63DA}.MinSizeRel|x64.Build.0 = MinSizeRel|x64
		{5669B76C-936B-3FB3-A3BE-B0C5B3DF63DA}.RelWithDebInfo|x64.ActiveCfg = RelWithDebInfo|x64
		{5669B76C-936B-3FB3-A3BE-B0C5B3DF63DA}.RelWithDebInfo|x64.Build.0 = RelWithDebInfo|x64
		{40C62FD8-90D8-3F74-BCE1-76B2E0439656}.Debug|x64.ActiveCfg = Debug|x64
		{40C62FD8-90D8-3F74-BCE1-76B2E0439656}.Debug|x64.Build.0 = Debug|x64
		{40C62FD8-90D8-3F74-BCE1-76B2E0439656}.Release|x64.ActiveCfg = Release|x64
		{40C62FD8-90D8-3F74-BCE1-76B2E0439656}.Release|x64.Build.0 = Release|x64
		{40C62FD8-90D8-3F74-BCE1-76B2E0439656}.MinSizeRel|x64.ActiveCfg = MinSizeRel|x64
		{40C62FD8-90D8-3F74-BCE1-76B2E0439656}.MinSizeRel|x64.Build.0 = MinSizeRel|x64
		{40C62FD8-90D8-3F74-BCE1-76B2E0439656}.RelWithDebInfo|x64.ActiveCfg = RelWithDebInfo|x64
		{40C62FD8-90D8-3F74-BCE1-76B2E0439656}.RelWithDebInfo|x64.Build.0 = RelWithDebInfo|x64
	EndGlobalSection
	GlobalSection(ExtensibilityGlobals) = postSolution
		SolutionGuid = {6F15F266-74E0-3C90-8B82-8E1A05D6C841}
	EndGlobalSection
	GlobalSection(ExtensibilityAddIns) = postSolution
	EndGlobalSection
EndGlobal
