<?xml version="1.0" encoding="utf-8"?>
<Project ToolsVersion="16.0" xmlns="http://schemas.microsoft.com/developer/msbuild/2003">
  <ItemGroup>
    <ClCompile Include="E:\Frank\Desktop\Frank\CS184\3DWorld_git\dependencies\libjpeg-turbo\cjpeg.c">
      <Filter>Source Files</Filter>
    </ClCompile>
    <ClCompile Include="E:\Frank\Desktop\Frank\CS184\3DWorld_git\dependencies\libjpeg-turbo\cdjpeg.c">
      <Filter>Source Files</Filter>
    </ClCompile>
    <ClCompile Include="E:\Frank\Desktop\Frank\CS184\3DWorld_git\dependencies\libjpeg-turbo\rdgif.c">
      <Filter>Source Files</Filter>
    </ClCompile>
    <ClCompile Include="E:\Frank\Desktop\Frank\CS184\3DWorld_git\dependencies\libjpeg-turbo\rdppm.c">
      <Filter>Source Files</Filter>
    </ClCompile>
    <ClCompile Include="E:\Frank\Desktop\Frank\CS184\3DWorld_git\dependencies\libjpeg-turbo\rdswitch.c">
      <Filter>Source Files</Filter>
    </ClCompile>
    <ClCompile Include="E:\Frank\Desktop\Frank\CS184\3DWorld_git\dependencies\libjpeg-turbo\rdbmp.c">
      <Filter>Source Files</Filter>
    </ClCompile>
    <ClCompile Include="E:\Frank\Desktop\Frank\CS184\3DWorld_git\dependencies\libjpeg-turbo\rdtarga.c">
      <Filter>Source Files</Filter>
    </ClCompile>
  </ItemGroup>
  <ItemGroup>
    <CustomBuild Include="E:\Frank\Desktop\Frank\CS184\3DWorld_git\dependencies\libjpeg-turbo\CMakeLists.txt" />
  </ItemGroup>
  <ItemGroup>
    <Filter Include="Source Files">
      <UniqueIdentifier>{99BAC066-57D0-36E6-B051-D0D455DA3B5C}</UniqueIdentifier>
    </Filter>
  </ItemGroup>
</Project>
