<?xml version="1.0" encoding="utf-8"?>
<Project ToolsVersion="16.0" xmlns="http://schemas.microsoft.com/developer/msbuild/2003">
  <ItemGroup>
    <CustomBuild Include="E:\Frank\Desktop\Frank\CS184\3DWorld_git\dependencies\libjpeg-turbo\CMakeFiles\20f6e5eff935ecb293794d855b3a5bc8\croptest.rule">
      <Filter>CMake Rules</Filter>
    </CustomBuild>
    <CustomBuild Include="E:\Frank\Desktop\Frank\CS184\3DWorld_git\dependencies\libjpeg-turbo\CMakeLists.txt" />
  </ItemGroup>
  <ItemGroup>
    <None Include="E:\Frank\Desktop\Frank\CS184\3DWorld_git\dependencies\libjpeg-turbo\CMakeFiles\croptest" />
  </ItemGroup>
  <ItemGroup>
    <Filter Include="CMake Rules">
      <UniqueIdentifier>{5AF3A174-A62D-3459-A54F-B281EBD1F1AE}</UniqueIdentifier>
    </Filter>
  </ItemGroup>
</Project>
