Microsoft Visual Studio Solution File, Format Version 12.00
# Visual Studio 16
Project("{8BC9CEB8-8B4A-11D0-8D11-00A0C91BC942}") = "ALL_BUILD", "ALL_BUILD.vcxproj", "{AF180543-274B-31F5-9847-0C169145F749}"
	ProjectSection(ProjectDependencies) = postProject
		{DB45CE4F-2504-39F0-B926-096CF5FF5D1F} = {DB45CE4F-2504-39F0-B926-096CF5FF5D1F}
		{0914175E-32B7-328E-B810-F3E0B0B8F7E8} = {0914175E-32B7-328E-B810-F3E0B0B8F7E8}
		{A5FF9CF4-EF19-3D40-A2B5-143684D14649} = {A5FF9CF4-EF19-3D40-A2B5-143684D14649}
		{80FBDAC6-75DF-39FE-B361-11CB4B257CD0} = {80FBDAC6-75DF-39FE-B361-11CB4B257CD0}
		{8384209F-CB80-3196-83AE-EE8399CD34EB} = {8384209F-CB80-3196-83AE-EE8399CD34EB}
		{B68DB4C2-0E83-3A1B-BBFD-F949FFFE634B} = {B68DB4C2-0E83-3A1B-BBFD-F949FFFE634B}
		{AF0C31FC-FEBB-3191-AB0D-4CA99F7640A5} = {AF0C31FC-FEBB-3191-AB0D-4CA99F7640A5}
		{3A22AE29-A02B-304B-93B1-C7EB95B50574} = {3A22AE29-A02B-304B-93B1-C7EB95B50574}
		{685E54E7-112C-399C-AF70-C9483C950F51} = {685E54E7-112C-399C-AF70-C9483C950F51}
		{E7BC71F0-CB5B-3F8C-8305-68F08120B6AB} = {E7BC71F0-CB5B-3F8C-8305-68F08120B6AB}
		{DEFAF95D-2B7B-3F0F-96A8-E55C8F2DBB1B} = {DEFAF95D-2B7B-3F0F-96A8-E55C8F2DBB1B}
		{D299B467-99BA-3C13-9077-A79B0F5809D9} = {D299B467-99BA-3C13-9077-A79B0F5809D9}
		{1B48D48D-8866-3841-BEFE-BB4665AD4A52} = {1B48D48D-8866-3841-BEFE-BB4665AD4A52}
		{D4E77832-415C-3003-A5D3-8C390A8D5333} = {D4E77832-415C-3003-A5D3-8C390A8D5333}
		{4C235C1C-D61D-332B-8821-70BE6B28F071} = {4C235C1C-D61D-332B-8821-70BE6B28F071}
		{3D07AEA7-7823-3B38-8271-2F154AED81F4} = {3D07AEA7-7823-3B38-8271-2F154AED81F4}
		{156E766B-0A51-3B86-A869-F76E560796A4} = {156E766B-0A51-3B86-A869-F76E560796A4}
		{8AECC5D6-7589-39A2-A0C5-B801FE6A4CC1} = {8AECC5D6-7589-39A2-A0C5-B801FE6A4CC1}
		{1E0892F7-84B1-3383-9A7F-5D4D66A1FFFE} = {1E0892F7-84B1-3383-9A7F-5D4D66A1FFFE}
		{8905336E-DD9A-3E98-A2E6-95BE5AFC2CE8} = {8905336E-DD9A-3E98-A2E6-95BE5AFC2CE8}
		{6C64F6BD-DFA5-318B-B83D-1381EC36AC67} = {6C64F6BD-DFA5-318B-B83D-1381EC36AC67}
	EndProjectSection
EndProject
Project("{8BC9CEB8-8B4A-11D0-8D11-00A0C91BC942}") = "INSTALL", "INSTALL.vcxproj", "{8428D72A-73BA-3137-9456-5F8070C60FC6}"
	ProjectSection(ProjectDependencies) = postProject
		{AF180543-274B-31F5-9847-0C169145F749} = {AF180543-274B-31F5-9847-0C169145F749}
		{DB45CE4F-2504-39F0-B926-096CF5FF5D1F} = {DB45CE4F-2504-39F0-B926-096CF5FF5D1F}
	EndProjectSection
EndProject
Project("{8BC9CEB8-8B4A-11D0-8D11-00A0C91BC942}") = "RUN_TESTS", "RUN_TESTS.vcxproj", "{3230818C-9A01-3EC8-97DF-E9034DCEBB99}"
	ProjectSection(ProjectDependencies) = postProject
		{DB45CE4F-2504-39F0-B926-096CF5FF5D1F} = {DB45CE4F-2504-39F0-B926-096CF5FF5D1F}
	EndProjectSection
EndProject
Project("{8BC9CEB8-8B4A-11D0-8D11-00A0C91BC942}") = "ZERO_CHECK", "ZERO_CHECK.vcxproj", "{DB45CE4F-2504-39F0-B926-096CF5FF5D1F}"
	ProjectSection(ProjectDependencies) = postProject
	EndProjectSection
EndProject
Project("{8BC9CEB8-8B4A-11D0-8D11-00A0C91BC942}") = "cjpeg", "sharedlib\cjpeg.vcxproj", "{0914175E-32B7-328E-B810-F3E0B0B8F7E8}"
	ProjectSection(ProjectDependencies) = postProject
		{DB45CE4F-2504-39F0-B926-096CF5FF5D1F} = {DB45CE4F-2504-39F0-B926-096CF5FF5D1F}
		{AF0C31FC-FEBB-3191-AB0D-4CA99F7640A5} = {AF0C31FC-FEBB-3191-AB0D-4CA99F7640A5}
	EndProjectSection
EndProject
Project("{8BC9CEB8-8B4A-11D0-8D11-00A0C91BC942}") = "cjpeg-static", "cjpeg-static.vcxproj", "{A5FF9CF4-EF19-3D40-A2B5-143684D14649}"
	ProjectSection(ProjectDependencies) = postProject
		{DB45CE4F-2504-39F0-B926-096CF5FF5D1F} = {DB45CE4F-2504-39F0-B926-096CF5FF5D1F}
		{3A22AE29-A02B-304B-93B1-C7EB95B50574} = {3A22AE29-A02B-304B-93B1-C7EB95B50574}
	EndProjectSection
EndProject
Project("{8BC9CEB8-8B4A-11D0-8D11-00A0C91BC942}") = "croptest", "croptest.vcxproj", "{4E2773F8-9A75-3835-8F25-2B6F4A459BBC}"
	ProjectSection(ProjectDependencies) = postProject
		{DB45CE4F-2504-39F0-B926-096CF5FF5D1F} = {DB45CE4F-2504-39F0-B926-096CF5FF5D1F}
	EndProjectSection
EndProject
Project("{8BC9CEB8-8B4A-11D0-8D11-00A0C91BC942}") = "dist", "dist.vcxproj", "{0CD3E055-150E-37C5-A12E-CF631AC15417}"
	ProjectSection(ProjectDependencies) = postProject
		{DB45CE4F-2504-39F0-B926-096CF5FF5D1F} = {DB45CE4F-2504-39F0-B926-096CF5FF5D1F}
	EndProjectSection
EndProject
Project("{8BC9CEB8-8B4A-11D0-8D11-00A0C91BC942}") = "djpeg", "sharedlib\djpeg.vcxproj", "{80FBDAC6-75DF-39FE-B361-11CB4B257CD0}"
	ProjectSection(ProjectDependencies) = postProject
		{DB45CE4F-2504-39F0-B926-096CF5FF5D1F} = {DB45CE4F-2504-39F0-B926-096CF5FF5D1F}
		{AF0C31FC-FEBB-3191-AB0D-4CA99F7640A5} = {AF0C31FC-FEBB-3191-AB0D-4CA99F7640A5}
	EndProjectSection
EndProject
Project("{8BC9CEB8-8B4A-11D0-8D11-00A0C91BC942}") = "djpeg-static", "djpeg-static.vcxproj", "{8384209F-CB80-3196-83AE-EE8399CD34EB}"
	ProjectSection(ProjectDependencies) = postProject
		{DB45CE4F-2504-39F0-B926-096CF5FF5D1F} = {DB45CE4F-2504-39F0-B926-096CF5FF5D1F}
		{3A22AE29-A02B-304B-93B1-C7EB95B50574} = {3A22AE29-A02B-304B-93B1-C7EB95B50574}
	EndProjectSection
EndProject
Project("{8BC9CEB8-8B4A-11D0-8D11-00A0C91BC942}") = "installer", "installer.vcxproj", "{2D6BA9D8-1EED-30B1-9EA6-7557E2DD4C4D}"
	ProjectSection(ProjectDependencies) = postProject
		{DB45CE4F-2504-39F0-B926-096CF5FF5D1F} = {DB45CE4F-2504-39F0-B926-096CF5FF5D1F}
		{0914175E-32B7-328E-B810-F3E0B0B8F7E8} = {0914175E-32B7-328E-B810-F3E0B0B8F7E8}
		{80FBDAC6-75DF-39FE-B361-11CB4B257CD0} = {80FBDAC6-75DF-39FE-B361-11CB4B257CD0}
		{AF0C31FC-FEBB-3191-AB0D-4CA99F7640A5} = {AF0C31FC-FEBB-3191-AB0D-4CA99F7640A5}
		{3A22AE29-A02B-304B-93B1-C7EB95B50574} = {3A22AE29-A02B-304B-93B1-C7EB95B50574}
		{685E54E7-112C-399C-AF70-C9483C950F51} = {685E54E7-112C-399C-AF70-C9483C950F51}
		{D299B467-99BA-3C13-9077-A79B0F5809D9} = {D299B467-99BA-3C13-9077-A79B0F5809D9}
		{D4E77832-415C-3003-A5D3-8C390A8D5333} = {D4E77832-415C-3003-A5D3-8C390A8D5333}
		{1E0892F7-84B1-3383-9A7F-5D4D66A1FFFE} = {1E0892F7-84B1-3383-9A7F-5D4D66A1FFFE}
		{8905336E-DD9A-3E98-A2E6-95BE5AFC2CE8} = {8905336E-DD9A-3E98-A2E6-95BE5AFC2CE8}
		{6C64F6BD-DFA5-318B-B83D-1381EC36AC67} = {6C64F6BD-DFA5-318B-B83D-1381EC36AC67}
	EndProjectSection
EndProject
Project("{8BC9CEB8-8B4A-11D0-8D11-00A0C91BC942}") = "jcstest", "sharedlib\jcstest.vcxproj", "{B68DB4C2-0E83-3A1B-BBFD-F949FFFE634B}"
	ProjectSection(ProjectDependencies) = postProject
		{DB45CE4F-2504-39F0-B926-096CF5FF5D1F} = {DB45CE4F-2504-39F0-B926-096CF5FF5D1F}
		{AF0C31FC-FEBB-3191-AB0D-4CA99F7640A5} = {AF0C31FC-FEBB-3191-AB0D-4CA99F7640A5}
	EndProjectSection
EndProject
Project("{8BC9CEB8-8B4A-11D0-8D11-00A0C91BC942}") = "jpeg", "sharedlib\jpeg.vcxproj", "{AF0C31FC-FEBB-3191-AB0D-4CA99F7640A5}"
	ProjectSection(ProjectDependencies) = postProject
		{DB45CE4F-2504-39F0-B926-096CF5FF5D1F} = {DB45CE4F-2504-39F0-B926-096CF5FF5D1F}
		{1B48D48D-8866-3841-BEFE-BB4665AD4A52} = {1B48D48D-8866-3841-BEFE-BB4665AD4A52}
	EndProjectSection
EndProject
Project("{8BC9CEB8-8B4A-11D0-8D11-00A0C91BC942}") = "jpeg-static", "jpeg-static.vcxproj", "{3A22AE29-A02B-304B-93B1-C7EB95B50574}"
	ProjectSection(ProjectDependencies) = postProject
		{DB45CE4F-2504-39F0-B926-096CF5FF5D1F} = {DB45CE4F-2504-39F0-B926-096CF5FF5D1F}
		{1B48D48D-8866-3841-BEFE-BB4665AD4A52} = {1B48D48D-8866-3841-BEFE-BB4665AD4A52}
	EndProjectSection
EndProject
Project("{8BC9CEB8-8B4A-11D0-8D11-00A0C91BC942}") = "jpegtran", "sharedlib\jpegtran.vcxproj", "{685E54E7-112C-399C-AF70-C9483C950F51}"
	ProjectSection(ProjectDependencies) = postProject
		{DB45CE4F-2504-39F0-B926-096CF5FF5D1F} = {DB45CE4F-2504-39F0-B926-096CF5FF5D1F}
		{AF0C31FC-FEBB-3191-AB0D-4CA99F7640A5} = {AF0C31FC-FEBB-3191-AB0D-4CA99F7640A5}
	EndProjectSection
EndProject
Project("{8BC9CEB8-8B4A-11D0-8D11-00A0C91BC942}") = "jpegtran-static", "jpegtran-static.vcxproj", "{E7BC71F0-CB5B-3F8C-8305-68F08120B6AB}"
	ProjectSection(ProjectDependencies) = postProject
		{DB45CE4F-2504-39F0-B926-096CF5FF5D1F} = {DB45CE4F-2504-39F0-B926-096CF5FF5D1F}
		{3A22AE29-A02B-304B-93B1-C7EB95B50574} = {3A22AE29-A02B-304B-93B1-C7EB95B50574}
	EndProjectSection
EndProject
Project("{8BC9CEB8-8B4A-11D0-8D11-00A0C91BC942}") = "md5cmp", "md5\md5cmp.vcxproj", "{DEFAF95D-2B7B-3F0F-96A8-E55C8F2DBB1B}"
	ProjectSection(ProjectDependencies) = postProject
		{DB45CE4F-2504-39F0-B926-096CF5FF5D1F} = {DB45CE4F-2504-39F0-B926-096CF5FF5D1F}
	EndProjectSection
EndProject
Project("{8BC9CEB8-8B4A-11D0-8D11-00A0C91BC942}") = "rdjpgcom", "rdjpgcom.vcxproj", "{D299B467-99BA-3C13-9077-A79B0F5809D9}"
	ProjectSection(ProjectDependencies) = postProject
		{DB45CE4F-2504-39F0-B926-096CF5FF5D1F} = {DB45CE4F-2504-39F0-B926-096CF5FF5D1F}
	EndProjectSection
EndProject
Project("{8BC9CEB8-8B4A-11D0-8D11-00A0C91BC942}") = "simd", "simd.vcxproj", "{1B48D48D-8866-3841-BEFE-BB4665AD4A52}"
	ProjectSection(ProjectDependencies) = postProject
		{DB45CE4F-2504-39F0-B926-096CF5FF5D1F} = {DB45CE4F-2504-39F0-B926-096CF5FF5D1F}
	EndProjectSection
EndProject
Project("{8BC9CEB8-8B4A-11D0-8D11-00A0C91BC942}") = "tarball", "tarball.vcxproj", "{95B3D1C7-75CC-3F83-A061-7FF23644BC94}"
	ProjectSection(ProjectDependencies) = postProject
		{DB45CE4F-2504-39F0-B926-096CF5FF5D1F} = {DB45CE4F-2504-39F0-B926-096CF5FF5D1F}
	EndProjectSection
EndProject
Project("{8BC9CEB8-8B4A-11D0-8D11-00A0C91BC942}") = "testclean", "testclean.vcxproj", "{38A2BF9B-4520-3C6D-B04B-2C4EC1CDD101}"
	ProjectSection(ProjectDependencies) = postProject
		{DB45CE4F-2504-39F0-B926-096CF5FF5D1F} = {DB45CE4F-2504-39F0-B926-096CF5FF5D1F}
	EndProjectSection
EndProject
Project("{8BC9CEB8-8B4A-11D0-8D11-00A0C91BC942}") = "tjbench", "tjbench.vcxproj", "{D4E77832-415C-3003-A5D3-8C390A8D5333}"
	ProjectSection(ProjectDependencies) = postProject
		{DB45CE4F-2504-39F0-B926-096CF5FF5D1F} = {DB45CE4F-2504-39F0-B926-096CF5FF5D1F}
		{1E0892F7-84B1-3383-9A7F-5D4D66A1FFFE} = {1E0892F7-84B1-3383-9A7F-5D4D66A1FFFE}
	EndProjectSection
EndProject
Project("{8BC9CEB8-8B4A-11D0-8D11-00A0C91BC942}") = "tjbench-static", "tjbench-static.vcxproj", "{4C235C1C-D61D-332B-8821-70BE6B28F071}"
	ProjectSection(ProjectDependencies) = postProject
		{DB45CE4F-2504-39F0-B926-096CF5FF5D1F} = {DB45CE4F-2504-39F0-B926-096CF5FF5D1F}
		{8905336E-DD9A-3E98-A2E6-95BE5AFC2CE8} = {8905336E-DD9A-3E98-A2E6-95BE5AFC2CE8}
	EndProjectSection
EndProject
Project("{8BC9CEB8-8B4A-11D0-8D11-00A0C91BC942}") = "tjexample", "tjexample.vcxproj", "{3D07AEA7-7823-3B38-8271-2F154AED81F4}"
	ProjectSection(ProjectDependencies) = postProject
		{DB45CE4F-2504-39F0-B926-096CF5FF5D1F} = {DB45CE4F-2504-39F0-B926-096CF5FF5D1F}
		{1E0892F7-84B1-3383-9A7F-5D4D66A1FFFE} = {1E0892F7-84B1-3383-9A7F-5D4D66A1FFFE}
	EndProjectSection
EndProject
Project("{8BC9CEB8-8B4A-11D0-8D11-00A0C91BC942}") = "tjtest", "tjtest.vcxproj", "{C8CA7018-1524-3D0A-B417-1C3347DF24AC}"
	ProjectSection(ProjectDependencies) = postProject
		{DB45CE4F-2504-39F0-B926-096CF5FF5D1F} = {DB45CE4F-2504-39F0-B926-096CF5FF5D1F}
	EndProjectSection
EndProject
Project("{8BC9CEB8-8B4A-11D0-8D11-00A0C91BC942}") = "tjunittest", "tjunittest.vcxproj", "{156E766B-0A51-3B86-A869-F76E560796A4}"
	ProjectSection(ProjectDependencies) = postProject
		{DB45CE4F-2504-39F0-B926-096CF5FF5D1F} = {DB45CE4F-2504-39F0-B926-096CF5FF5D1F}
		{1E0892F7-84B1-3383-9A7F-5D4D66A1FFFE} = {1E0892F7-84B1-3383-9A7F-5D4D66A1FFFE}
	EndProjectSection
EndProject
Project("{8BC9CEB8-8B4A-11D0-8D11-00A0C91BC942}") = "tjunittest-static", "tjunittest-static.vcxproj", "{8AECC5D6-7589-39A2-A0C5-B801FE6A4CC1}"
	ProjectSection(ProjectDependencies) = postProject
		{DB45CE4F-2504-39F0-B926-096CF5FF5D1F} = {DB45CE4F-2504-39F0-B926-096CF5FF5D1F}
		{8905336E-DD9A-3E98-A2E6-95BE5AFC2CE8} = {8905336E-DD9A-3E98-A2E6-95BE5AFC2CE8}
	EndProjectSection
EndProject
Project("{8BC9CEB8-8B4A-11D0-8D11-00A0C91BC942}") = "turbojpeg", "turbojpeg.vcxproj", "{1E0892F7-84B1-3383-9A7F-5D4D66A1FFFE}"
	ProjectSection(ProjectDependencies) = postProject
		{DB45CE4F-2504-39F0-B926-096CF5FF5D1F} = {DB45CE4F-2504-39F0-B926-096CF5FF5D1F}
		{1B48D48D-8866-3841-BEFE-BB4665AD4A52} = {1B48D48D-8866-3841-BEFE-BB4665AD4A52}
	EndProjectSection
EndProject
Project("{8BC9CEB8-8B4A-11D0-8D11-00A0C91BC942}") = "turbojpeg-static", "turbojpeg-static.vcxproj", "{8905336E-DD9A-3E98-A2E6-95BE5AFC2CE8}"
	ProjectSection(ProjectDependencies) = postProject
		{DB45CE4F-2504-39F0-B926-096CF5FF5D1F} = {DB45CE4F-2504-39F0-B926-096CF5FF5D1F}
		{1B48D48D-8866-3841-BEFE-BB4665AD4A52} = {1B48D48D-8866-3841-BEFE-BB4665AD4A52}
	EndProjectSection
EndProject
Project("{8BC9CEB8-8B4A-11D0-8D11-00A0C91BC942}") = "uninstall", "uninstall.vcxproj", "{4629764C-8D7D-3C1F-8845-285CAF53CE73}"
	ProjectSection(ProjectDependencies) = postProject
		{DB45CE4F-2504-39F0-B926-096CF5FF5D1F} = {DB45CE4F-2504-39F0-B926-096CF5FF5D1F}
	EndProjectSection
EndProject
Project("{8BC9CEB8-8B4A-11D0-8D11-00A0C91BC942}") = "wrjpgcom", "wrjpgcom.vcxproj", "{6C64F6BD-DFA5-318B-B83D-1381EC36AC67}"
	ProjectSection(ProjectDependencies) = postProject
		{DB45CE4F-2504-39F0-B926-096CF5FF5D1F} = {DB45CE4F-2504-39F0-B926-096CF5FF5D1F}
	EndProjectSection
EndProject
Global
	GlobalSection(SolutionConfigurationPlatforms) = preSolution
		Debug|x64 = Debug|x64
		Release|x64 = Release|x64
		MinSizeRel|x64 = MinSizeRel|x64
		RelWithDebInfo|x64 = RelWithDebInfo|x64
	EndGlobalSection
	GlobalSection(ProjectConfigurationPlatforms) = postSolution
		{AF180543-274B-31F5-9847-0C169145F749}.Debug|x64.ActiveCfg = Debug|x64
		{AF180543-274B-31F5-9847-0C169145F749}.Debug|x64.Build.0 = Debug|x64
		{AF180543-274B-31F5-9847-0C169145F749}.Release|x64.ActiveCfg = Release|x64
		{AF180543-274B-31F5-9847-0C169145F749}.Release|x64.Build.0 = Release|x64
		{AF180543-274B-31F5-9847-0C169145F749}.MinSizeRel|x64.ActiveCfg = MinSizeRel|x64
		{AF180543-274B-31F5-9847-0C169145F749}.MinSizeRel|x64.Build.0 = MinSizeRel|x64
		{AF180543-274B-31F5-9847-0C169145F749}.RelWithDebInfo|x64.ActiveCfg = RelWithDebInfo|x64
		{AF180543-274B-31F5-9847-0C169145F749}.RelWithDebInfo|x64.Build.0 = RelWithDebInfo|x64
		{8428D72A-73BA-3137-9456-5F8070C60FC6}.Debug|x64.ActiveCfg = Debug|x64
		{8428D72A-73BA-3137-9456-5F8070C60FC6}.Release|x64.ActiveCfg = Release|x64
		{8428D72A-73BA-3137-9456-5F8070C60FC6}.MinSizeRel|x64.ActiveCfg = MinSizeRel|x64
		{8428D72A-73BA-3137-9456-5F8070C60FC6}.RelWithDebInfo|x64.ActiveCfg = RelWithDebInfo|x64
		{3230818C-9A01-3EC8-97DF-E9034DCEBB99}.Debug|x64.ActiveCfg = Debug|x64
		{3230818C-9A01-3EC8-97DF-E9034DCEBB99}.Release|x64.ActiveCfg = Release|x64
		{3230818C-9A01-3EC8-97DF-E9034DCEBB99}.MinSizeRel|x64.ActiveCfg = MinSizeRel|x64
		{3230818C-9A01-3EC8-97DF-E9034DCEBB99}.RelWithDebInfo|x64.ActiveCfg = RelWithDebInfo|x64
		{DB45CE4F-2504-39F0-B926-096CF5FF5D1F}.Debug|x64.ActiveCfg = Debug|x64
		{DB45CE4F-2504-39F0-B926-096CF5FF5D1F}.Debug|x64.Build.0 = Debug|x64
		{DB45CE4F-2504-39F0-B926-096CF5FF5D1F}.Release|x64.ActiveCfg = Release|x64
		{DB45CE4F-2504-39F0-B926-096CF5FF5D1F}.Release|x64.Build.0 = Release|x64
		{DB45CE4F-2504-39F0-B926-096CF5FF5D1F}.MinSizeRel|x64.ActiveCfg = MinSizeRel|x64
		{DB45CE4F-2504-39F0-B926-096CF5FF5D1F}.MinSizeRel|x64.Build.0 = MinSizeRel|x64
		{DB45CE4F-2504-39F0-B926-096CF5FF5D1F}.RelWithDebInfo|x64.ActiveCfg = RelWithDebInfo|x64
		{DB45CE4F-2504-39F0-B926-096CF5FF5D1F}.RelWithDebInfo|x64.Build.0 = RelWithDebInfo|x64
		{0914175E-32B7-328E-B810-F3E0B0B8F7E8}.Debug|x64.ActiveCfg = Debug|x64
		{0914175E-32B7-328E-B810-F3E0B0B8F7E8}.Debug|x64.Build.0 = Debug|x64
		{0914175E-32B7-328E-B810-F3E0B0B8F7E8}.Release|x64.ActiveCfg = Release|x64
		{0914175E-32B7-328E-B810-F3E0B0B8F7E8}.Release|x64.Build.0 = Release|x64
		{0914175E-32B7-328E-B810-F3E0B0B8F7E8}.MinSizeRel|x64.ActiveCfg = MinSizeRel|x64
		{0914175E-32B7-328E-B810-F3E0B0B8F7E8}.MinSizeRel|x64.Build.0 = MinSizeRel|x64
		{0914175E-32B7-328E-B810-F3E0B0B8F7E8}.RelWithDebInfo|x64.ActiveCfg = RelWithDebInfo|x64
		{0914175E-32B7-328E-B810-F3E0B0B8F7E8}.RelWithDebInfo|x64.Build.0 = RelWithDebInfo|x64
		{A5FF9CF4-EF19-3D40-A2B5-143684D14649}.Debug|x64.ActiveCfg = Debug|x64
		{A5FF9CF4-EF19-3D40-A2B5-143684D14649}.Debug|x64.Build.0 = Debug|x64
		{A5FF9CF4-EF19-3D40-A2B5-143684D14649}.Release|x64.ActiveCfg = Release|x64
		{A5FF9CF4-EF19-3D40-A2B5-143684D14649}.Release|x64.Build.0 = Release|x64
		{A5FF9CF4-EF19-3D40-A2B5-143684D14649}.MinSizeRel|x64.ActiveCfg = MinSizeRel|x64
		{A5FF9CF4-EF19-3D40-A2B5-143684D14649}.MinSizeRel|x64.Build.0 = MinSizeRel|x64
		{A5FF9CF4-EF19-3D40-A2B5-143684D14649}.RelWithDebInfo|x64.ActiveCfg = RelWithDebInfo|x64
		{A5FF9CF4-EF19-3D40-A2B5-143684D14649}.RelWithDebInfo|x64.Build.0 = RelWithDebInfo|x64
		{4E2773F8-9A75-3835-8F25-2B6F4A459BBC}.Debug|x64.ActiveCfg = Debug|x64
		{4E2773F8-9A75-3835-8F25-2B6F4A459BBC}.Release|x64.ActiveCfg = Release|x64
		{4E2773F8-9A75-3835-8F25-2B6F4A459BBC}.MinSizeRel|x64.ActiveCfg = MinSizeRel|x64
		{4E2773F8-9A75-3835-8F25-2B6F4A459BBC}.RelWithDebInfo|x64.ActiveCfg = RelWithDebInfo|x64
		{0CD3E055-150E-37C5-A12E-CF631AC15417}.Debug|x64.ActiveCfg = Debug|x64
		{0CD3E055-150E-37C5-A12E-CF631AC15417}.Release|x64.ActiveCfg = Release|x64
		{0CD3E055-150E-37C5-A12E-CF631AC15417}.MinSizeRel|x64.ActiveCfg = MinSizeRel|x64
		{0CD3E055-150E-37C5-A12E-CF631AC15417}.RelWithDebInfo|x64.ActiveCfg = RelWithDebInfo|x64
		{80FBDAC6-75DF-39FE-B361-11CB4B257CD0}.Debug|x64.ActiveCfg = Debug|x64
		{80FBDAC6-75DF-39FE-B361-11CB4B257CD0}.Debug|x64.Build.0 = Debug|x64
		{80FBDAC6-75DF-39FE-B361-11CB4B257CD0}.Release|x64.ActiveCfg = Release|x64
		{80FBDAC6-75DF-39FE-B361-11CB4B257CD0}.Release|x64.Build.0 = Release|x64
		{80FBDAC6-75DF-39FE-B361-11CB4B257CD0}.MinSizeRel|x64.ActiveCfg = MinSizeRel|x64
		{80FBDAC6-75DF-39FE-B361-11CB4B257CD0}.MinSizeRel|x64.Build.0 = MinSizeRel|x64
		{80FBDAC6-75DF-39FE-B361-11CB4B257CD0}.RelWithDebInfo|x64.ActiveCfg = RelWithDebInfo|x64
		{80FBDAC6-75DF-39FE-B361-11CB4B257CD0}.RelWithDebInfo|x64.Build.0 = RelWithDebInfo|x64
		{8384209F-CB80-3196-83AE-EE8399CD34EB}.Debug|x64.ActiveCfg = Debug|x64
		{8384209F-CB80-3196-83AE-EE8399CD34EB}.Debug|x64.Build.0 = Debug|x64
		{8384209F-CB80-3196-83AE-EE8399CD34EB}.Release|x64.ActiveCfg = Release|x64
		{8384209F-CB80-3196-83AE-EE8399CD34EB}.Release|x64.Build.0 = Release|x64
		{8384209F-CB80-3196-83AE-EE8399CD34EB}.MinSizeRel|x64.ActiveCfg = MinSizeRel|x64
		{8384209F-CB80-3196-83AE-EE8399CD34EB}.MinSizeRel|x64.Build.0 = MinSizeRel|x64
		{8384209F-CB80-3196-83AE-EE8399CD34EB}.RelWithDebInfo|x64.ActiveCfg = RelWithDebInfo|x64
		{8384209F-CB80-3196-83AE-EE8399CD34EB}.RelWithDebInfo|x64.Build.0 = RelWithDebInfo|x64
		{2D6BA9D8-1EED-30B1-9EA6-7557E2DD4C4D}.Debug|x64.ActiveCfg = Debug|x64
		{2D6BA9D8-1EED-30B1-9EA6-7557E2DD4C4D}.Release|x64.ActiveCfg = Release|x64
		{2D6BA9D8-1EED-30B1-9EA6-7557E2DD4C4D}.MinSizeRel|x64.ActiveCfg = MinSizeRel|x64
		{2D6BA9D8-1EED-30B1-9EA6-7557E2DD4C4D}.RelWithDebInfo|x64.ActiveCfg = RelWithDebInfo|x64
		{B68DB4C2-0E83-3A1B-BBFD-F949FFFE634B}.Debug|x64.ActiveCfg = Debug|x64
		{B68DB4C2-0E83-3A1B-BBFD-F949FFFE634B}.Debug|x64.Build.0 = Debug|x64
		{B68DB4C2-0E83-3A1B-BBFD-F949FFFE634B}.Release|x64.ActiveCfg = Release|x64
		{B68DB4C2-0E83-3A1B-BBFD-F949FFFE634B}.Release|x64.Build.0 = Release|x64
		{B68DB4C2-0E83-3A1B-BBFD-F949FFFE634B}.MinSizeRel|x64.ActiveCfg = MinSizeRel|x64
		{B68DB4C2-0E83-3A1B-BBFD-F949FFFE634B}.MinSizeRel|x64.Build.0 = MinSizeRel|x64
		{B68DB4C2-0E83-3A1B-BBFD-F949FFFE634B}.RelWithDebInfo|x64.ActiveCfg = RelWithDebInfo|x64
		{B68DB4C2-0E83-3A1B-BBFD-F949FFFE634B}.RelWithDebInfo|x64.Build.0 = RelWithDebInfo|x64
		{AF0C31FC-FEBB-3191-AB0D-4CA99F7640A5}.Debug|x64.ActiveCfg = Debug|x64
		{AF0C31FC-FEBB-3191-AB0D-4CA99F7640A5}.Debug|x64.Build.0 = Debug|x64
		{AF0C31FC-FEBB-3191-AB0D-4CA99F7640A5}.Release|x64.ActiveCfg = Release|x64
		{AF0C31FC-FEBB-3191-AB0D-4CA99F7640A5}.Release|x64.Build.0 = Release|x64
		{AF0C31FC-FEBB-3191-AB0D-4CA99F7640A5}.MinSizeRel|x64.ActiveCfg = MinSizeRel|x64
		{AF0C31FC-FEBB-3191-AB0D-4CA99F7640A5}.MinSizeRel|x64.Build.0 = MinSizeRel|x64
		{AF0C31FC-FEBB-3191-AB0D-4CA99F7640A5}.RelWithDebInfo|x64.ActiveCfg = RelWithDebInfo|x64
		{AF0C31FC-FEBB-3191-AB0D-4CA99F7640A5}.RelWithDebInfo|x64.Build.0 = RelWithDebInfo|x64
		{3A22AE29-A02B-304B-93B1-C7EB95B50574}.Debug|x64.ActiveCfg = Debug|x64
		{3A22AE29-A02B-304B-93B1-C7EB95B50574}.Debug|x64.Build.0 = Debug|x64
		{3A22AE29-A02B-304B-93B1-C7EB95B50574}.Release|x64.ActiveCfg = Release|x64
		{3A22AE29-A02B-304B-93B1-C7EB95B50574}.Release|x64.Build.0 = Release|x64
		{3A22AE29-A02B-304B-93B1-C7EB95B50574}.MinSizeRel|x64.ActiveCfg = MinSizeRel|x64
		{3A22AE29-A02B-304B-93B1-C7EB95B50574}.MinSizeRel|x64.Build.0 = MinSizeRel|x64
		{3A22AE29-A02B-304B-93B1-C7EB95B50574}.RelWithDebInfo|x64.ActiveCfg = RelWithDebInfo|x64
		{3A22AE29-A02B-304B-93B1-C7EB95B50574}.RelWithDebInfo|x64.Build.0 = RelWithDebInfo|x64
		{685E54E7-112C-399C-AF70-C9483C950F51}.Debug|x64.ActiveCfg = Debug|x64
		{685E54E7-112C-399C-AF70-C9483C950F51}.Debug|x64.Build.0 = Debug|x64
		{685E54E7-112C-399C-AF70-C9483C950F51}.Release|x64.ActiveCfg = Release|x64
		{685E54E7-112C-399C-AF70-C9483C950F51}.Release|x64.Build.0 = Release|x64
		{685E54E7-112C-399C-AF70-C9483C950F51}.MinSizeRel|x64.ActiveCfg = MinSizeRel|x64
		{685E54E7-112C-399C-AF70-C9483C950F51}.MinSizeRel|x64.Build.0 = MinSizeRel|x64
		{685E54E7-112C-399C-AF70-C9483C950F51}.RelWithDebInfo|x64.ActiveCfg = RelWithDebInfo|x64
		{685E54E7-112C-399C-AF70-C9483C950F51}.RelWithDebInfo|x64.Build.0 = RelWithDebInfo|x64
		{E7BC71F0-CB5B-3F8C-8305-68F08120B6AB}.Debug|x64.ActiveCfg = Debug|x64
		{E7BC71F0-CB5B-3F8C-8305-68F08120B6AB}.Debug|x64.Build.0 = Debug|x64
		{E7BC71F0-CB5B-3F8C-8305-68F08120B6AB}.Release|x64.ActiveCfg = Release|x64
		{E7BC71F0-CB5B-3F8C-8305-68F08120B6AB}.Release|x64.Build.0 = Release|x64
		{E7BC71F0-CB5B-3F8C-8305-68F08120B6AB}.MinSizeRel|x64.ActiveCfg = MinSizeRel|x64
		{E7BC71F0-CB5B-3F8C-8305-68F08120B6AB}.MinSizeRel|x64.Build.0 = MinSizeRel|x64
		{E7BC71F0-CB5B-3F8C-8305-68F08120B6AB}.RelWithDebInfo|x64.ActiveCfg = RelWithDebInfo|x64
		{E7BC71F0-CB5B-3F8C-8305-68F08120B6AB}.RelWithDebInfo|x64.Build.0 = RelWithDebInfo|x64
		{DEFAF95D-2B7B-3F0F-96A8-E55C8F2DBB1B}.Debug|x64.ActiveCfg = Debug|x64
		{DEFAF95D-2B7B-3F0F-96A8-E55C8F2DBB1B}.Debug|x64.Build.0 = Debug|x64
		{DEFAF95D-2B7B-3F0F-96A8-E55C8F2DBB1B}.Release|x64.ActiveCfg = Release|x64
		{DEFAF95D-2B7B-3F0F-96A8-E55C8F2DBB1B}.Release|x64.Build.0 = Release|x64
		{DEFAF95D-2B7B-3F0F-96A8-E55C8F2DBB1B}.MinSizeRel|x64.ActiveCfg = MinSizeRel|x64
		{DEFAF95D-2B7B-3F0F-96A8-E55C8F2DBB1B}.MinSizeRel|x64.Build.0 = MinSizeRel|x64
		{DEFAF95D-2B7B-3F0F-96A8-E55C8F2DBB1B}.RelWithDebInfo|x64.ActiveCfg = RelWithDebInfo|x64
		{DEFAF95D-2B7B-3F0F-96A8-E55C8F2DBB1B}.RelWithDebInfo|x64.Build.0 = RelWithDebInfo|x64
		{D299B467-99BA-3C13-9077-A79B0F5809D9}.Debug|x64.ActiveCfg = Debug|x64
		{D299B467-99BA-3C13-9077-A79B0F5809D9}.Debug|x64.Build.0 = Debug|x64
		{D299B467-99BA-3C13-9077-A79B0F5809D9}.Release|x64.ActiveCfg = Release|x64
		{D299B467-99BA-3C13-9077-A79B0F5809D9}.Release|x64.Build.0 = Release|x64
		{D299B467-99BA-3C13-9077-A79B0F5809D9}.MinSizeRel|x64.ActiveCfg = MinSizeRel|x64
		{D299B467-99BA-3C13-9077-A79B0F5809D9}.MinSizeRel|x64.Build.0 = MinSizeRel|x64
		{D299B467-99BA-3C13-9077-A79B0F5809D9}.RelWithDebInfo|x64.ActiveCfg = RelWithDebInfo|x64
		{D299B467-99BA-3C13-9077-A79B0F5809D9}.RelWithDebInfo|x64.Build.0 = RelWithDebInfo|x64
		{1B48D48D-8866-3841-BEFE-BB4665AD4A52}.Debug|x64.ActiveCfg = Debug|x64
		{1B48D48D-8866-3841-BEFE-BB4665AD4A52}.Debug|x64.Build.0 = Debug|x64
		{1B48D48D-8866-3841-BEFE-BB4665AD4A52}.Release|x64.ActiveCfg = Release|x64
		{1B48D48D-8866-3841-BEFE-BB4665AD4A52}.Release|x64.Build.0 = Release|x64
		{1B48D48D-8866-3841-BEFE-BB4665AD4A52}.MinSizeRel|x64.ActiveCfg = MinSizeRel|x64
		{1B48D48D-8866-3841-BEFE-BB4665AD4A52}.MinSizeRel|x64.Build.0 = MinSizeRel|x64
		{1B48D48D-8866-3841-BEFE-BB4665AD4A52}.RelWithDebInfo|x64.ActiveCfg = RelWithDebInfo|x64
		{1B48D48D-8866-3841-BEFE-BB4665AD4A52}.RelWithDebInfo|x64.Build.0 = RelWithDebInfo|x64
		{95B3D1C7-75CC-3F83-A061-7FF23644BC94}.Debug|x64.ActiveCfg = Debug|x64
		{95B3D1C7-75CC-3F83-A061-7FF23644BC94}.Release|x64.ActiveCfg = Release|x64
		{95B3D1C7-75CC-3F83-A061-7FF23644BC94}.MinSizeRel|x64.ActiveCfg = MinSizeRel|x64
		{95B3D1C7-75CC-3F83-A061-7FF23644BC94}.RelWithDebInfo|x64.ActiveCfg = RelWithDebInfo|x64
		{38A2BF9B-4520-3C6D-B04B-2C4EC1CDD101}.Debug|x64.ActiveCfg = Debug|x64
		{38A2BF9B-4520-3C6D-B04B-2C4EC1CDD101}.Release|x64.ActiveCfg = Release|x64
		{38A2BF9B-4520-3C6D-B04B-2C4EC1CDD101}.MinSizeRel|x64.ActiveCfg = MinSizeRel|x64
		{38A2BF9B-4520-3C6D-B04B-2C4EC1CDD101}.RelWithDebInfo|x64.ActiveCfg = RelWithDebInfo|x64
		{D4E77832-415C-3003-A5D3-8C390A8D5333}.Debug|x64.ActiveCfg = Debug|x64
		{D4E77832-415C-3003-A5D3-8C390A8D5333}.Debug|x64.Build.0 = Debug|x64
		{D4E77832-415C-3003-A5D3-8C390A8D5333}.Release|x64.ActiveCfg = Release|x64
		{D4E77832-415C-3003-A5D3-8C390A8D5333}.Release|x64.Build.0 = Release|x64
		{D4E77832-415C-3003-A5D3-8C390A8D5333}.MinSizeRel|x64.ActiveCfg = MinSizeRel|x64
		{D4E77832-415C-3003-A5D3-8C390A8D5333}.MinSizeRel|x64.Build.0 = MinSizeRel|x64
		{D4E77832-415C-3003-A5D3-8C390A8D5333}.RelWithDebInfo|x64.ActiveCfg = RelWithDebInfo|x64
		{D4E77832-415C-3003-A5D3-8C390A8D5333}.RelWithDebInfo|x64.Build.0 = RelWithDebInfo|x64
		{4C235C1C-D61D-332B-8821-70BE6B28F071}.Debug|x64.ActiveCfg = Debug|x64
		{4C235C1C-D61D-332B-8821-70BE6B28F071}.Debug|x64.Build.0 = Debug|x64
		{4C235C1C-D61D-332B-8821-70BE6B28F071}.Release|x64.ActiveCfg = Release|x64
		{4C235C1C-D61D-332B-8821-70BE6B28F071}.Release|x64.Build.0 = Release|x64
		{4C235C1C-D61D-332B-8821-70BE6B28F071}.MinSizeRel|x64.ActiveCfg = MinSizeRel|x64
		{4C235C1C-D61D-332B-8821-70BE6B28F071}.MinSizeRel|x64.Build.0 = MinSizeRel|x64
		{4C235C1C-D61D-332B-8821-70BE6B28F071}.RelWithDebInfo|x64.ActiveCfg = RelWithDebInfo|x64
		{4C235C1C-D61D-332B-8821-70BE6B28F071}.RelWithDebInfo|x64.Build.0 = RelWithDebInfo|x64
		{3D07AEA7-7823-3B38-8271-2F154AED81F4}.Debug|x64.ActiveCfg = Debug|x64
		{3D07AEA7-7823-3B38-8271-2F154AED81F4}.Debug|x64.Build.0 = Debug|x64
		{3D07AEA7-7823-3B38-8271-2F154AED81F4}.Release|x64.ActiveCfg = Release|x64
		{3D07AEA7-7823-3B38-8271-2F154AED81F4}.Release|x64.Build.0 = Release|x64
		{3D07AEA7-7823-3B38-8271-2F154AED81F4}.MinSizeRel|x64.ActiveCfg = MinSizeRel|x64
		{3D07AEA7-7823-3B38-8271-2F154AED81F4}.MinSizeRel|x64.Build.0 = MinSizeRel|x64
		{3D07AEA7-7823-3B38-8271-2F154AED81F4}.RelWithDebInfo|x64.ActiveCfg = RelWithDebInfo|x64
		{3D07AEA7-7823-3B38-8271-2F154AED81F4}.RelWithDebInfo|x64.Build.0 = RelWithDebInfo|x64
		{C8CA7018-1524-3D0A-B417-1C3347DF24AC}.Debug|x64.ActiveCfg = Debug|x64
		{C8CA7018-1524-3D0A-B417-1C3347DF24AC}.Release|x64.ActiveCfg = Release|x64
		{C8CA7018-1524-3D0A-B417-1C3347DF24AC}.MinSizeRel|x64.ActiveCfg = MinSizeRel|x64
		{C8CA7018-1524-3D0A-B417-1C3347DF24AC}.RelWithDebInfo|x64.ActiveCfg = RelWithDebInfo|x64
		{156E766B-0A51-3B86-A869-F76E560796A4}.Debug|x64.ActiveCfg = Debug|x64
		{156E766B-0A51-3B86-A869-F76E560796A4}.Debug|x64.Build.0 = Debug|x64
		{156E766B-0A51-3B86-A869-F76E560796A4}.Release|x64.ActiveCfg = Release|x64
		{156E766B-0A51-3B86-A869-F76E560796A4}.Release|x64.Build.0 = Release|x64
		{156E766B-0A51-3B86-A869-F76E560796A4}.MinSizeRel|x64.ActiveCfg = MinSizeRel|x64
		{156E766B-0A51-3B86-A869-F76E560796A4}.MinSizeRel|x64.Build.0 = MinSizeRel|x64
		{156E766B-0A51-3B86-A869-F76E560796A4}.RelWithDebInfo|x64.ActiveCfg = RelWithDebInfo|x64
		{156E766B-0A51-3B86-A869-F76E560796A4}.RelWithDebInfo|x64.Build.0 = RelWithDebInfo|x64
		{8AECC5D6-7589-39A2-A0C5-B801FE6A4CC1}.Debug|x64.ActiveCfg = Debug|x64
		{8AECC5D6-7589-39A2-A0C5-B801FE6A4CC1}.Debug|x64.Build.0 = Debug|x64
		{8AECC5D6-7589-39A2-A0C5-B801FE6A4CC1}.Release|x64.ActiveCfg = Release|x64
		{8AECC5D6-7589-39A2-A0C5-B801FE6A4CC1}.Release|x64.Build.0 = Release|x64
		{8AECC5D6-7589-39A2-A0C5-B801FE6A4CC1}.MinSizeRel|x64.ActiveCfg = MinSizeRel|x64
		{8AECC5D6-7589-39A2-A0C5-B801FE6A4CC1}.MinSizeRel|x64.Build.0 = MinSizeRel|x64
		{8AECC5D6-7589-39A2-A0C5-B801FE6A4CC1}.RelWithDebInfo|x64.ActiveCfg = RelWithDebInfo|x64
		{8AECC5D6-7589-39A2-A0C5-B801FE6A4CC1}.RelWithDebInfo|x64.Build.0 = RelWithDebInfo|x64
		{1E0892F7-84B1-3383-9A7F-5D4D66A1FFFE}.Debug|x64.ActiveCfg = Debug|x64
		{1E0892F7-84B1-3383-9A7F-5D4D66A1FFFE}.Debug|x64.Build.0 = Debug|x64
		{1E0892F7-84B1-3383-9A7F-5D4D66A1FFFE}.Release|x64.ActiveCfg = Release|x64
		{1E0892F7-84B1-3383-9A7F-5D4D66A1FFFE}.Release|x64.Build.0 = Release|x64
		{1E0892F7-84B1-3383-9A7F-5D4D66A1FFFE}.MinSizeRel|x64.ActiveCfg = MinSizeRel|x64
		{1E0892F7-84B1-3383-9A7F-5D4D66A1FFFE}.MinSizeRel|x64.Build.0 = MinSizeRel|x64
		{1E0892F7-84B1-3383-9A7F-5D4D66A1FFFE}.RelWithDebInfo|x64.ActiveCfg = RelWithDebInfo|x64
		{1E0892F7-84B1-3383-9A7F-5D4D66A1FFFE}.RelWithDebInfo|x64.Build.0 = RelWithDebInfo|x64
		{8905336E-DD9A-3E98-A2E6-95BE5AFC2CE8}.Debug|x64.ActiveCfg = Debug|x64
		{8905336E-DD9A-3E98-A2E6-95BE5AFC2CE8}.Debug|x64.Build.0 = Debug|x64
		{8905336E-DD9A-3E98-A2E6-95BE5AFC2CE8}.Release|x64.ActiveCfg = Release|x64
		{8905336E-DD9A-3E98-A2E6-95BE5AFC2CE8}.Release|x64.Build.0 = Release|x64
		{8905336E-DD9A-3E98-A2E6-95BE5AFC2CE8}.MinSizeRel|x64.ActiveCfg = MinSizeRel|x64
		{8905336E-DD9A-3E98-A2E6-95BE5AFC2CE8}.MinSizeRel|x64.Build.0 = MinSizeRel|x64
		{8905336E-DD9A-3E98-A2E6-95BE5AFC2CE8}.RelWithDebInfo|x64.ActiveCfg = RelWithDebInfo|x64
		{8905336E-DD9A-3E98-A2E6-95BE5AFC2CE8}.RelWithDebInfo|x64.Build.0 = RelWithDebInfo|x64
		{4629764C-8D7D-3C1F-8845-285CAF53CE73}.Debug|x64.ActiveCfg = Debug|x64
		{4629764C-8D7D-3C1F-8845-285CAF53CE73}.Release|x64.ActiveCfg = Release|x64
		{4629764C-8D7D-3C1F-8845-285CAF53CE73}.MinSizeRel|x64.ActiveCfg = MinSizeRel|x64
		{4629764C-8D7D-3C1F-8845-285CAF53CE73}.RelWithDebInfo|x64.ActiveCfg = RelWithDebInfo|x64
		{6C64F6BD-DFA5-318B-B83D-1381EC36AC67}.Debug|x64.ActiveCfg = Debug|x64
		{6C64F6BD-DFA5-318B-B83D-1381EC36AC67}.Debug|x64.Build.0 = Debug|x64
		{6C64F6BD-DFA5-318B-B83D-1381EC36AC67}.Release|x64.ActiveCfg = Release|x64
		{6C64F6BD-DFA5-318B-B83D-1381EC36AC67}.Release|x64.Build.0 = Release|x64
		{6C64F6BD-DFA5-318B-B83D-1381EC36AC67}.MinSizeRel|x64.ActiveCfg = MinSizeRel|x64
		{6C64F6BD-DFA5-318B-B83D-1381EC36AC67}.MinSizeRel|x64.Build.0 = MinSizeRel|x64
		{6C64F6BD-DFA5-318B-B83D-1381EC36AC67}.RelWithDebInfo|x64.ActiveCfg = RelWithDebInfo|x64
		{6C64F6BD-DFA5-318B-B83D-1381EC36AC67}.RelWithDebInfo|x64.Build.0 = RelWithDebInfo|x64
	EndGlobalSection
	GlobalSection(ExtensibilityGlobals) = postSolution
		SolutionGuid = {6F314B7E-2112-3959-A1DD-F78415DB316E}
	EndGlobalSection
	GlobalSection(ExtensibilityAddIns) = postSolution
	EndGlobalSection
EndGlobal
